// !$*UTF8*$!
{
	archiveVersion = 1;
	classes = {
	};
	objectVersion = 46;
	objects = {

/* Begin PBXBuildFile section */
		19FB81551B0792DA00E1F087 /* main.m in Sources */ = {isa = PBXBuildFile; fileRef = 19FB81541B0792DA00E1F087 /* main.m */; };
		19FB81581B0792DA00E1F087 /* AppDelegate.m in Sources */ = {isa = PBXBuildFile; fileRef = 19FB81571B0792DA00E1F087 /* AppDelegate.m */; };
		19FB815B1B0792DA00E1F087 /* ViewController.m in Sources */ = {isa = PBXBuildFile; fileRef = 19FB815A1B0792DA00E1F087 /* ViewController.m */; };
		19FB815E1B0792DA00E1F087 /* Main.storyboard in Resources */ = {isa = PBXBuildFile; fileRef = 19FB815C1B0792DA00E1F087 /* Main.storyboard */; };
		19FB81601B0792DA00E1F087 /* Images.xcassets in Resources */ = {isa = PBXBuildFile; fileRef = 19FB815F1B0792DA00E1F087 /* Images.xcassets */; };
		19FB81631B0792DA00E1F087 /* LaunchScreen.xib in Resources */ = {isa = PBXBuildFile; fileRef = 19FB81611B0792DA00E1F087 /* LaunchScreen.xib */; };
		19FB816F1B0792DA00E1F087 /* CustomAlertViewTests.m in Sources */ = {isa = PBXBuildFile; fileRef = 19FB816E1B0792DA00E1F087 /* CustomAlertViewTests.m */; };
		19FB817B1B07933600E1F087 /* CustomAlertViewController.m in Sources */ = {isa = PBXBuildFile; fileRef = 19FB81791B07933600E1F087 /* CustomAlertViewController.m */; };
		19FB817C1B07933600E1F087 /* CustomAlertViewController.xib in Resources */ = {isa = PBXBuildFile; fileRef = 19FB817A1B07933600E1F087 /* CustomAlertViewController.xib */; };
/* End PBXBuildFile section */

/* Begin PBXContainerItemProxy section */
		19FB81691B0792DA00E1F087 /* PBXContainerItemProxy */ = {
			isa = PBXContainerItemProxy;
			containerPortal = 19FB81471B0792DA00E1F087 /* Project object */;
			proxyType = 1;
			remoteGlobalIDString = 19FB814E1B0792DA00E1F087;
			remoteInfo = CustomAlertView;
		};
/* End PBXContainerItemProxy section */

/* Begin PBXFileReference section */
		19FB814F1B0792DA00E1F087 /* CustomAlertView.app */ = {isa = PBXFileReference; explicitFileType = wrapper.application; includeInIndex = 0; path = CustomAlertView.app; sourceTree = BUILT_PRODUCTS_DIR; };
		19FB81531B0792DA00E1F087 /* Info.plist */ = {isa = PBXFileReference; lastKnownFileType = text.plist.xml; path = Info.plist; sourceTree = "<group>"; };
		19FB81541B0792DA00E1F087 /* main.m */ = {isa = PBXFileReference; lastKnownFileType = sourcecode.c.objc; path = main.m; sourceTree = "<group>"; };
		19FB81561B0792DA00E1F087 /* AppDelegate.h */ = {isa = PBXFileReference; lastKnownFileType = sourcecode.c.h; path = AppDelegate.h; sourceTree = "<group>"; };
		19FB81571B0792DA00E1F087 /* AppDelegate.m */ = {isa = PBXFileReference; lastKnownFileType = sourcecode.c.objc; path = AppDelegate.m; sourceTree = "<group>"; };
		19FB81591B0792DA00E1F087 /* ViewController.h */ = {isa = PBXFileReference; lastKnownFileType = sourcecode.c.h; path = ViewController.h; sourceTree = "<group>"; };
		19FB815A1B0792DA00E1F087 /* ViewController.m */ = {isa = PBXFileReference; lastKnownFileType = sourcecode.c.objc; path = ViewController.m; sourceTree = "<group>"; };
		19FB815D1B0792DA00E1F087 /* Base */ = {isa = PBXFileReference; lastKnownFileType = file.storyboard; name = Base; path = Base.lproj/Main.storyboard; sourceTree = "<group>"; };
		19FB815F1B0792DA00E1F087 /* Images.xcassets */ = {isa = PBXFileReference; lastKnownFileType = folder.assetcatalog; path = Images.xcassets; sourceTree = "<group>"; };
		19FB81621B0792DA00E1F087 /* Base */ = {isa = PBXFileReference; lastKnownFileType = file.xib; name = Base; path = Base.lproj/LaunchScreen.xib; sourceTree = "<group>"; };
		19FB81681B0792DA00E1F087 /* CustomAlertViewTests.xctest */ = {isa = PBXFileReference; explicitFileType = wrapper.cfbundle; includeInIndex = 0; path = CustomAlertViewTests.xctest; sourceTree = BUILT_PRODUCTS_DIR; };
		19FB816D1B0792DA00E1F087 /* Info.plist */ = {isa = PBXFileReference; lastKnownFileType = text.plist.xml; path = Info.plist; sourceTree = "<group>"; };
		19FB816E1B0792DA00E1F087 /* CustomAlertViewTests.m */ = {isa = PBXFileReference; lastKnownFileType = sourcecode.c.objc; path = CustomAlertViewTests.m; sourceTree = "<group>"; };
		19FB81781B07933600E1F087 /* CustomAlertViewController.h */ = {isa = PBXFileReference; fileEncoding = 4; lastKnownFileType = sourcecode.c.h; path = CustomAlertViewController.h; sourceTree = "<group>"; };
		19FB81791B07933600E1F087 /* CustomAlertViewController.m */ = {isa = PBXFileReference; fileEncoding = 4; lastKnownFileType = sourcecode.c.objc; path = CustomAlertViewController.m; sourceTree = "<group>"; };
		19FB817A1B07933600E1F087 /* CustomAlertViewController.xib */ = {isa = PBXFileReference; fileEncoding = 4; lastKnownFileType = file.xib; path = CustomAlertViewController.xib; sourceTree = "<group>"; };
/* End PBXFileReference section */

/* Begin PBXFrameworksBuildPhase section */
		19FB814C1B0792DA00E1F087 /* Frameworks */ = {
			isa = PBXFrameworksBuildPhase;
			buildActionMask = 2147483647;
			files = (
			);
			runOnlyForDeploymentPostprocessing = 0;
		};
		19FB81651B0792DA00E1F087 /* Frameworks */ = {
			isa = PBXFrameworksBuildPhase;
			buildActionMask = 2147483647;
			files = (
			);
			runOnlyForDeploymentPostprocessing = 0;
		};
/* End PBXFrameworksBuildPhase section */

/* Begin PBXGroup section */
		19FB81461B0792DA00E1F087 = {
			isa = PBXGroup;
			children = (
				19FB81511B0792DA00E1F087 /* CustomAlertView */,
				19FB816B1B0792DA00E1F087 /* CustomAlertViewTests */,
				19FB81501B0792DA00E1F087 /* Products */,
			);
			sourceTree = "<group>";
		};
		19FB81501B0792DA00E1F087 /* Products */ = {
			isa = PBXGroup;
			children = (
				19FB814F1B0792DA00E1F087 /* CustomAlertView.app */,
				19FB81681B0792DA00E1F087 /* CustomAlertViewTests.xctest */,
			);
			name = Products;
			sourceTree = "<group>";
		};
		19FB81511B0792DA00E1F087 /* CustomAlertView */ = {
			isa = PBXGroup;
			children = (
				19FB81561B0792DA00E1F087 /* AppDelegate.h */,
				19FB81571B0792DA00E1F087 /* AppDelegate.m */,
				19FB81591B0792DA00E1F087 /* ViewController.h */,
				19FB815A1B0792DA00E1F087 /* ViewController.m */,
				19FB815C1B0792DA00E1F087 /* Main.storyboard */,
				19FB815F1B0792DA00E1F087 /* Images.xcassets */,
				19FB81611B0792DA00E1F087 /* LaunchScreen.xib */,
				19FB81521B0792DA00E1F087 /* Supporting Files */,
				19FB81781B07933600E1F087 /* CustomAlertViewController.h */,
				19FB81791B07933600E1F087 /* CustomAlertViewController.m */,
				19FB817A1B07933600E1F087 /* CustomAlertViewController.xib */,
			);
			path = CustomAlertView;
			sourceTree = "<group>";
		};
		19FB81521B0792DA00E1F087 /* Supporting Files */ = {
			isa = PBXGroup;
			children = (
				19FB81531B0792DA00E1F087 /* Info.plist */,
				19FB81541B0792DA00E1F087 /* main.m */,
			);
			name = "Supporting Files";
			sourceTree = "<group>";
		};
		19FB816B1B0792DA00E1F087 /* CustomAlertViewTests */ = {
			isa = PBXGroup;
			children = (
				19FB816E1B0792DA00E1F087 /* CustomAlertViewTests.m */,
				19FB816C1B0792DA00E1F087 /* Supporting Files */,
			);
			path = CustomAlertViewTests;
			sourceTree = "<group>";
		};
		19FB816C1B0792DA00E1F087 /* Supporting Files */ = {
			isa = PBXGroup;
			children = (
				19FB816D1B0792DA00E1F087 /* Info.plist */,
			);
			name = "Supporting Files";
			sourceTree = "<group>";
		};
/* End PBXGroup section */

/* Begin PBXNativeTarget section */
		19FB814E1B0792DA00E1F087 /* CustomAlertView */ = {
			isa = PBXNativeTarget;
			buildConfigurationList = 19FB81721B0792DA00E1F087 /* Build configuration list for PBXNativeTarget "CustomAlertView" */;
			buildPhases = (
				19FB814B1B0792DA00E1F087 /* Sources */,
				19FB814C1B0792DA00E1F087 /* Frameworks */,
				19FB814D1B0792DA00E1F087 /* Resources */,
			);
			buildRules = (
			);
			dependencies = (
			);
			name = CustomAlertView;
			productName = CustomAlertView;
			productReference = 19FB814F1B0792DA00E1F087 /* CustomAlertView.app */;
			productType = "com.apple.product-type.application";
		};
		19FB81671B0792DA00E1F087 /* CustomAlertViewTests */ = {
			isa = PBXNativeTarget;
			buildConfigurationList = 19FB81751B0792DA00E1F087 /* Build configuration list for PBXNativeTarget "CustomAlertViewTests" */;
			buildPhases = (
				19FB81641B0792DA00E1F087 /* Sources */,
				19FB81651B0792DA00E1F087 /* Frameworks */,
				19FB81661B0792DA00E1F087 /* Resources */,
			);
			buildRules = (
			);
			dependencies = (
				19FB816A1B0792DA00E1F087 /* PBXTargetDependency */,
			);
			name = CustomAlertViewTests;
			productName = CustomAlertViewTests;
			productReference = 19FB81681B0792DA00E1F087 /* CustomAlertViewTests.xctest */;
			productType = "com.apple.product-type.bundle.unit-test";
		};
/* End PBXNativeTarget section */

/* Begin PBXProject section */
		19FB81471B0792DA00E1F087 /* Project object */ = {
			isa = PBXProject;
			attributes = {
				LastUpgradeCheck = 0630;
				ORGANIZATIONNAME = archangel;
				TargetAttributes = {
					19FB814E1B0792DA00E1F087 = {
						CreatedOnToolsVersion = 6.3.1;
					};
					19FB81671B0792DA00E1F087 = {
						CreatedOnToolsVersion = 6.3.1;
						TestTargetID = 19FB814E1B0792DA00E1F087;
					};
				};
			};
			buildConfigurationList = 19FB814A1B0792DA00E1F087 /* Build configuration list for PBXProject "CustomAlertView" */;
			compatibilityVersion = "Xcode 3.2";
			developmentRegion = English;
			hasScannedForEncodings = 0;
			knownRegions = (
				en,
				Base,
			);
			mainGroup = 19FB81461B0792DA00E1F087;
			productRefGroup = 19FB81501B0792DA00E1F087 /* Products */;
			projectDirPath = "";
			projectRoot = "";
			targets = (
				19FB814E1B0792DA00E1F087 /* CustomAlertView */,
				19FB81671B0792DA00E1F087 /* CustomAlertViewTests */,
			);
		};
/* End PBXProject section */

/* Begin PBXResourcesBuildPhase section */
		19FB814D1B0792DA00E1F087 /* Resources */ = {
			isa = PBXResourcesBuildPhase;
			buildActionMask = 2147483647;
			files = (
				19FB817C1B07933600E1F087 /* CustomAlertViewController.xib in Resources */,
				19FB815E1B0792DA00E1F087 /* Main.storyboard in Resources */,
				19FB81631B0792DA00E1F087 /* LaunchScreen.xib in Resources */,
				19FB81601B0792DA00E1F087 /* Images.xcassets in Resources */,
			);
			runOnlyForDeploymentPostprocessing = 0;
		};
		19FB81661B0792DA00E1F087 /* Resources */ = {
			isa = PBXResourcesBuildPhase;
			buildActionMask = 2147483647;
			files = (
			);
			runOnlyForDeploymentPostprocessing = 0;
		};
/* End PBXResourcesBuildPhase section */

/* Begin PBXSourcesBuildPhase section */
		19FB814B1B0792DA00E1F087 /* Sources */ = {
			isa = PBXSourcesBuildPhase;
			buildActionMask = 2147483647;
			files = (
				19FB817B1B07933600E1F087 /* CustomAlertViewController.m in Sources */,
				19FB815B1B0792DA00E1F087 /* ViewController.m in Sources */,
				19FB81581B0792DA00E1F087 /* AppDelegate.m in Sources */,
				19FB81551B0792DA00E1F087 /* main.m in Sources */,
			);
			runOnlyForDeploymentPostprocessing = 0;
		};
		19FB81641B0792DA00E1F087 /* Sources */ = {
			isa = PBXSourcesBuildPhase;
			buildActionMask = 2147483647;
			files = (
				19FB816F1B0792DA00E1F087 /* CustomAlertViewTests.m in Sources */,
			);
			runOnlyForDeploymentPostprocessing = 0;
		};
/* End PBXSourcesBuildPhase section */

/* Begin PBXTargetDependency section */
		19FB816A1B0792DA00E1F087 /* PBXTargetDependency */ = {
			isa = PBXTargetDependency;
			target = 19FB814E1B0792DA00E1F087 /* CustomAlertView */;
			targetProxy = 19FB81691B0792DA00E1F087 /* PBXContainerItemProxy */;
		};
/* End PBXTargetDependency section */

/* Begin PBXVariantGroup section */
		19FB815C1B0792DA00E1F087 /* Main.storyboard */ = {
			isa = PBXVariantGroup;
			children = (
				19FB815D1B0792DA00E1F087 /* Base */,
			);
			name = Main.storyboard;
			sourceTree = "<group>";
		};
		19FB81611B0792DA00E1F087 /* LaunchScreen.xib */ = {
			isa = PBXVariantGroup;
			children = (
				19FB81621B0792DA00E1F087 /* Base */,
			);
			name = LaunchScreen.xib;
			sourceTree = "<group>";
		};
/* End PBXVariantGroup section */

/* Begin XCBuildConfiguration section */
		19FB81701B0792DA00E1F087 /* Debug */ = {
			isa = XCBuildConfiguration;
			buildSettings = {
				ALWAYS_SEARCH_USER_PATHS = NO;
				CLANG_CXX_LANGUAGE_STANDARD = "gnu++0x";
				CLANG_CXX_LIBRARY = "libc++";
				CLANG_ENABLE_MODULES = YES;
				CLANG_ENABLE_OBJC_ARC = YES;
				CLANG_WARN_BOOL_CONVERSION = YES;
				CLANG_WARN_CONSTANT_CONVERSION = YES;
				CLANG_WARN_DIRECT_OBJC_ISA_USAGE = YES_ERROR;
				CLANG_WARN_EMPTY_BODY = YES;
				CLANG_WARN_ENUM_CONVERSION = YES;
				CLANG_WARN_INT_CONVERSION = YES;
				CLANG_WARN_OBJC_ROOT_CLASS = YES_ERROR;
				CLANG_WARN_UNREACHABLE_CODE = YES;
				CLANG_WARN__DUPLICATE_METHOD_MATCH = YES;
				"CODE_SIGN_IDENTITY[sdk=iphoneos*]" = "iPhone Developer";
				COPY_PHASE_STRIP = NO;
				DEBUG_INFORMATION_FORMAT = "dwarf-with-dsym";
				ENABLE_STRICT_OBJC_MSGSEND = YES;
				GCC_C_LANGUAGE_STANDARD = gnu99;
				GCC_DYNAMIC_NO_PIC = NO;
				GCC_NO_COMMON_BLOCKS = YES;
				GCC_OPTIMIZATION_LEVEL = 0;
				GCC_PREPROCESSOR_DEFINITIONS = (
					"DEBUG=1",
					"$(inherited)",
				);
				GCC_SYMBOLS_PRIVATE_EXTERN = NO;
				GCC_WARN_64_TO_32_BIT_CONVERSION = YES;
				GCC_WARN_ABOUT_RETURN_TYPE = YES_ERROR;
				GCC_WARN_UNDECLARED_SELECTOR = YES;
				GCC_WARN_UNINITIALIZED_AUTOS = YES_AGGRESSIVE;
				GCC_WARN_UNUSED_FUNCTION = YES;
				GCC_WARN_UNUSED_VARIABLE = YES;
				IPHONEOS_DEPLOYMENT_TARGET = 8.3;
				MTL_ENABLE_DEBUG_INFO = YES;
				ONLY_ACTIVE_ARCH = YES;
				SDKROOT = iphoneos;
			};
			name = Debug;
		};
		19FB81711B0792DA00E1F087 /* Release */ = {
			isa = XCBuildConfiguration;
			buildSettings = {
				ALWAYS_SEARCH_USER_PATHS = NO;
				CLANG_CXX_LANGUAGE_STANDARD = "gnu++0x";
				CLANG_CXX_LIBRARY = "libc++";
				CLANG_ENABLE_MODULES = YES;
				CLANG_ENABLE_OBJC_ARC = YES;
				CLANG_WARN_BOOL_CONVERSION = YES;
				CLANG_WARN_CONSTANT_CONVERSION = YES;
				CLANG_WARN_DIRECT_OBJC_ISA_USAGE = YES_ERROR;
				CLANG_WARN_EMPTY_BODY = YES;
				CLANG_WARN_ENUM_CONVERSION = YES;
				CLANG_WARN_INT_CONVERSION = YES;
				CLANG_WARN_OBJC_ROOT_CLASS = YES_ERROR;
				CLANG_WARN_UNREACHABLE_CODE = YES;
				CLANG_WARN__DUPLICATE_METHOD_MATCH = YES;
				"CODE_SIGN_IDENTITY[sdk=iphoneos*]" = "iPhone Developer";
				COPY_PHASE_STRIP = NO;
				DEBUG_INFORMATION_FORMAT = "dwarf-with-dsym";
				ENABLE_NS_ASSERTIONS = NO;
				ENABLE_STRICT_OBJC_MSGSEND = YES;
				GCC_C_LANGUAGE_STANDARD = gnu99;
				GCC_NO_COMMON_BLOCKS = YES;
				GCC_WARN_64_TO_32_BIT_CONVERSION = YES;
				GCC_WARN_ABOUT_RETURN_TYPE = YES_ERROR;
				GCC_WARN_UNDECLARED_SELECTOR = YES;
				GCC_WARN_UNINITIALIZED_AUTOS = YES_AGGRESSIVE;
				GCC_WARN_UNUSED_FUNCTION = YES;
				GCC_WARN_UNUSED_VARIABLE = YES;
				IPHONEOS_DEPLOYMENT_TARGET = 8.3;
				MTL_ENABLE_DEBUG_INFO = NO;
				SDKROOT = iphoneos;
				VALIDATE_PRODUCT = YES;
			};
			name = Release;
		};
		19FB81731B0792DA00E1F087 /* Debug */ = {
			isa = XCBuildConfiguration;
			buildSettings = {
				ASSETCATALOG_COMPILER_APPICON_NAME = AppIcon;
				INFOPLIST_FILE = CustomAlertView/Info.plist;
				LD_RUNPATH_SEARCH_PATHS = "$(inherited) @executable_path/Frameworks";
				PRODUCT_NAME = "$(TARGET_NAME)";
			};
			name = Debug;
		};
		19FB81741B0792DA00E1F087 /* Release */ = {
			isa = XCBuildConfiguration;
			buildSettings = {
				ASSETCATALOG_COMPILER_APPICON_NAME = AppIcon;
				INFOPLIST_FILE = CustomAlertView/Info.plist;
				LD_RUNPATH_SEARCH_PATHS = "$(inherited) @executable_path/Frameworks";
				PRODUCT_NAME = "$(TARGET_NAME)";
			};
			name = Release;
		};
		19FB81761B0792DA00E1F087 /* Debug */ = {
			isa = XCBuildConfiguration;
			buildSettings = {
				BUNDLE_LOADER = "$(TEST_HOST)";
				FRAMEWORK_SEARCH_PATHS = (
					"$(SDKROOT)/Developer/Library/Frameworks",
					"$(inherited)",
				);
				GCC_PREPROCESSOR_DEFINITIONS = (
					"DEBUG=1",
					"$(inherited)",
				);
				INFOPLIST_FILE = CustomAlertViewTests/Info.plist;
				LD_RUNPATH_SEARCH_PATHS = "$(inherited) @executable_path/Frameworks @loader_path/Frameworks";
				PRODUCT_NAME = "$(TARGET_NAME)";
				TEST_HOST = "$(BUILT_PRODUCTS_DIR)/CustomAlertView.app/CustomAlertView";
			};
			name = Debug;
		};
		19FB81771B0792DA00E1F087 /* Release */ = {
			isa = XCBuildConfiguration;
			buildSettings = {
				BUNDLE_LOADER = "$(TEST_HOST)";
				FRAMEWORK_SEARCH_PATHS = (
					"$(SDKROOT)/Developer/Library/Frameworks",
					"$(inherited)",
				);
				INFOPLIST_FILE = CustomAlertViewTests/Info.plist;
				LD_RUNPATH_SEARCH_PATHS = "$(inherited) @executable_path/Frameworks @loader_path/Frameworks";
				PRODUCT_NAME = "$(TARGET_NAME)";
				TEST_HOST = "$(BUILT_PRODUCTS_DIR)/CustomAlertView.app/CustomAlertView";
			};
			name = Release;
		};
/* End XCBuildConfiguration section */

/* Begin XCConfigurationList section */
		19FB814A1B0792DA00E1F087 /* Build configuration list for PBXProject "CustomAlertView" */ = {
			isa = XCConfigurationList;
			buildConfigurations = (
				19FB81701B0792DA00E1F087 /* Debug */,
				19FB81711B0792DA00E1F087 /* Release */,
			);
			defaultConfigurationIsVisible = 0;
			defaultConfigurationName = Release;
		};
		19FB81721B0792DA00E1F087 /* Build configuration list for PBXNativeTarget "CustomAlertView" */ = {
			isa = XCConfigurationList;
			buildConfigurations = (
				19FB81731B0792DA00E1F087 /* Debug */,
				19FB81741B0792DA00E1F087 /* Release */,
			);
			defaultConfigurationIsVisible = 0;
		};
		19FB81751B0792DA00E1F087 /* Build configuration list for PBXNativeTarget "CustomAlertViewTests" */ = {
			isa = XCConfigurationList;
			buildConfigurations = (
				19FB81761B0792DA00E1F087 /* Debug */,
				19FB81771B0792DA00E1F087 /* Release */,
			);
			defaultConfigurationIsVisible = 0;
		};
/* End XCConfigurationList section */
	};
	rootObject = 19FB81471B0792DA00E1F087 /* Project object */;
}
