// !$*UTF8*$!
{
	archiveVersion = 1;
	classes = {
	};
	objectVersion = 46;
	objects = {

/* Begin PBXBuildFile section */
		19459CC91ADCFD6F00CF8C9C /* main.m in Sources */ = {isa = PBXBuildFile; fileRef = 19459CC81ADCFD6F00CF8C9C /* main.m */; };
		19459CCC1ADCFD6F00CF8C9C /* AppDelegate.m in Sources */ = {isa = PBXBuildFile; fileRef = 19459CCB1ADCFD6F00CF8C9C /* AppDelegate.m */; };
		19459CCF1ADCFD6F00CF8C9C /* ViewController.m in Sources */ = {isa = PBXBuildFile; fileRef = 19459CCE1ADCFD6F00CF8C9C /* ViewController.m */; };
		19459CD21ADCFD6F00CF8C9C /* Main.storyboard in Resources */ = {isa = PBXBuildFile; fileRef = 19459CD01ADCFD6F00CF8C9C /* Main.storyboard */; };
		19459CD41ADCFD6F00CF8C9C /* Images.xcassets in Resources */ = {isa = PBXBuildFile; fileRef = 19459CD31ADCFD6F00CF8C9C /* Images.xcassets */; };
		19459CD71ADCFD6F00CF8C9C /* LaunchScreen.xib in Resources */ = {isa = PBXBuildFile; fileRef = 19459CD51ADCFD6F00CF8C9C /* LaunchScreen.xib */; };
		19459CE31ADCFD6F00CF8C9C /* CrystalBallTests.m in Sources */ = {isa = PBXBuildFile; fileRef = 19459CE21ADCFD6F00CF8C9C /* CrystalBallTests.m */; };
		19459CEE1ADD09DF00CF8C9C /* LuckGenerator.m in Sources */ = {isa = PBXBuildFile; fileRef = 19459CED1ADD09DF00CF8C9C /* LuckGenerator.m */; };
/* End PBXBuildFile section */

/* Begin PBXContainerItemProxy section */
		19459CDD1ADCFD6F00CF8C9C /* PBXContainerItemProxy */ = {
			isa = PBXContainerItemProxy;
			containerPortal = 19459CBB1ADCFD6F00CF8C9C /* Project object */;
			proxyType = 1;
			remoteGlobalIDString = 19459CC21ADCFD6F00CF8C9C;
			remoteInfo = CrystalBall;
		};
/* End PBXContainerItemProxy section */

/* Begin PBXFileReference section */
		19459CC31ADCFD6F00CF8C9C /* CrystalBall.app */ = {isa = PBXFileReference; explicitFileType = wrapper.application; includeInIndex = 0; path = CrystalBall.app; sourceTree = BUILT_PRODUCTS_DIR; };
		19459CC71ADCFD6F00CF8C9C /* Info.plist */ = {isa = PBXFileReference; lastKnownFileType = text.plist.xml; path = Info.plist; sourceTree = "<group>"; };
		19459CC81ADCFD6F00CF8C9C /* main.m */ = {isa = PBXFileReference; lastKnownFileType = sourcecode.c.objc; path = main.m; sourceTree = "<group>"; };
		19459CCA1ADCFD6F00CF8C9C /* AppDelegate.h */ = {isa = PBXFileReference; lastKnownFileType = sourcecode.c.h; path = AppDelegate.h; sourceTree = "<group>"; };
		19459CCB1ADCFD6F00CF8C9C /* AppDelegate.m */ = {isa = PBXFileReference; lastKnownFileType = sourcecode.c.objc; path = AppDelegate.m; sourceTree = "<group>"; };
		19459CCD1ADCFD6F00CF8C9C /* ViewController.h */ = {isa = PBXFileReference; lastKnownFileType = sourcecode.c.h; path = ViewController.h; sourceTree = "<group>"; };
		19459CCE1ADCFD6F00CF8C9C /* ViewController.m */ = {isa = PBXFileReference; lastKnownFileType = sourcecode.c.objc; path = ViewController.m; sourceTree = "<group>"; };
		19459CD11ADCFD6F00CF8C9C /* Base */ = {isa = PBXFileReference; lastKnownFileType = file.storyboard; name = Base; path = Base.lproj/Main.storyboard; sourceTree = "<group>"; };
		19459CD31ADCFD6F00CF8C9C /* Images.xcassets */ = {isa = PBXFileReference; lastKnownFileType = folder.assetcatalog; path = Images.xcassets; sourceTree = "<group>"; };
		19459CD61ADCFD6F00CF8C9C /* Base */ = {isa = PBXFileReference; lastKnownFileType = file.xib; name = Base; path = Base.lproj/LaunchScreen.xib; sourceTree = "<group>"; };
		19459CDC1ADCFD6F00CF8C9C /* CrystalBallTests.xctest */ = {isa = PBXFileReference; explicitFileType = wrapper.cfbundle; includeInIndex = 0; path = CrystalBallTests.xctest; sourceTree = BUILT_PRODUCTS_DIR; };
		19459CE11ADCFD6F00CF8C9C /* Info.plist */ = {isa = PBXFileReference; lastKnownFileType = text.plist.xml; path = Info.plist; sourceTree = "<group>"; };
		19459CE21ADCFD6F00CF8C9C /* CrystalBallTests.m */ = {isa = PBXFileReference; lastKnownFileType = sourcecode.c.objc; path = CrystalBallTests.m; sourceTree = "<group>"; };
		19459CEC1ADD09DF00CF8C9C /* LuckGenerator.h */ = {isa = PBXFileReference; fileEncoding = 4; lastKnownFileType = sourcecode.c.h; path = LuckGenerator.h; sourceTree = "<group>"; };
		19459CED1ADD09DF00CF8C9C /* LuckGenerator.m */ = {isa = PBXFileReference; fileEncoding = 4; lastKnownFileType = sourcecode.c.objc; path = LuckGenerator.m; sourceTree = "<group>"; };
/* End PBXFileReference section */

/* Begin PBXFrameworksBuildPhase section */
		19459CC01ADCFD6F00CF8C9C /* Frameworks */ = {
			isa = PBXFrameworksBuildPhase;
			buildActionMask = 2147483647;
			files = (
			);
			runOnlyForDeploymentPostprocessing = 0;
		};
		19459CD91ADCFD6F00CF8C9C /* Frameworks */ = {
			isa = PBXFrameworksBuildPhase;
			buildActionMask = 2147483647;
			files = (
			);
			runOnlyForDeploymentPostprocessing = 0;
		};
/* End PBXFrameworksBuildPhase section */

/* Begin PBXGroup section */
		19459CBA1ADCFD6F00CF8C9C = {
			isa = PBXGroup;
			children = (
				19459CC51ADCFD6F00CF8C9C /* CrystalBall */,
				19459CDF1ADCFD6F00CF8C9C /* CrystalBallTests */,
				19459CC41ADCFD6F00CF8C9C /* Products */,
			);
			sourceTree = "<group>";
		};
		19459CC41ADCFD6F00CF8C9C /* Products */ = {
			isa = PBXGroup;
			children = (
				19459CC31ADCFD6F00CF8C9C /* CrystalBall.app */,
				19459CDC1ADCFD6F00CF8C9C /* CrystalBallTests.xctest */,
			);
			name = Products;
			sourceTree = "<group>";
		};
		19459CC51ADCFD6F00CF8C9C /* CrystalBall */ = {
			isa = PBXGroup;
			children = (
				19459CCA1ADCFD6F00CF8C9C /* AppDelegate.h */,
				19459CCB1ADCFD6F00CF8C9C /* AppDelegate.m */,
				19459CCD1ADCFD6F00CF8C9C /* ViewController.h */,
				19459CCE1ADCFD6F00CF8C9C /* ViewController.m */,
				19459CD01ADCFD6F00CF8C9C /* Main.storyboard */,
				19459CD31ADCFD6F00CF8C9C /* Images.xcassets */,
				19459CD51ADCFD6F00CF8C9C /* LaunchScreen.xib */,
				19459CC61ADCFD6F00CF8C9C /* Supporting Files */,
				19459CEC1ADD09DF00CF8C9C /* LuckGenerator.h */,
				19459CED1ADD09DF00CF8C9C /* LuckGenerator.m */,
			);
			path = CrystalBall;
			sourceTree = "<group>";
		};
		19459CC61ADCFD6F00CF8C9C /* Supporting Files */ = {
			isa = PBXGroup;
			children = (
				19459CC71ADCFD6F00CF8C9C /* Info.plist */,
				19459CC81ADCFD6F00CF8C9C /* main.m */,
			);
			name = "Supporting Files";
			sourceTree = "<group>";
		};
		19459CDF1ADCFD6F00CF8C9C /* CrystalBallTests */ = {
			isa = PBXGroup;
			children = (
				19459CE21ADCFD6F00CF8C9C /* CrystalBallTests.m */,
				19459CE01ADCFD6F00CF8C9C /* Supporting Files */,
			);
			path = CrystalBallTests;
			sourceTree = "<group>";
		};
		19459CE01ADCFD6F00CF8C9C /* Supporting Files */ = {
			isa = PBXGroup;
			children = (
				19459CE11ADCFD6F00CF8C9C /* Info.plist */,
			);
			name = "Supporting Files";
			sourceTree = "<group>";
		};
/* End PBXGroup section */

/* Begin PBXNativeTarget section */
		19459CC21ADCFD6F00CF8C9C /* CrystalBall */ = {
			isa = PBXNativeTarget;
			buildConfigurationList = 19459CE61ADCFD6F00CF8C9C /* Build configuration list for PBXNativeTarget "CrystalBall" */;
			buildPhases = (
				19459CBF1ADCFD6F00CF8C9C /* Sources */,
				19459CC01ADCFD6F00CF8C9C /* Frameworks */,
				19459CC11ADCFD6F00CF8C9C /* Resources */,
			);
			buildRules = (
			);
			dependencies = (
			);
			name = CrystalBall;
			productName = CrystalBall;
			productReference = 19459CC31ADCFD6F00CF8C9C /* CrystalBall.app */;
			productType = "com.apple.product-type.application";
		};
		19459CDB1ADCFD6F00CF8C9C /* CrystalBallTests */ = {
			isa = PBXNativeTarget;
			buildConfigurationList = 19459CE91ADCFD6F00CF8C9C /* Build configuration list for PBXNativeTarget "CrystalBallTests" */;
			buildPhases = (
				19459CD81ADCFD6F00CF8C9C /* Sources */,
				19459CD91ADCFD6F00CF8C9C /* Frameworks */,
				19459CDA1ADCFD6F00CF8C9C /* Resources */,
			);
			buildRules = (
			);
			dependencies = (
				19459CDE1ADCFD6F00CF8C9C /* PBXTargetDependency */,
			);
			name = CrystalBallTests;
			productName = CrystalBallTests;
			productReference = 19459CDC1ADCFD6F00CF8C9C /* CrystalBallTests.xctest */;
			productType = "com.apple.product-type.bundle.unit-test";
		};
/* End PBXNativeTarget section */

/* Begin PBXProject section */
		19459CBB1ADCFD6F00CF8C9C /* Project object */ = {
			isa = PBXProject;
			attributes = {
				LastUpgradeCheck = 0630;
				ORGANIZATIONNAME = ARCHANGEL;
				TargetAttributes = {
					19459CC21ADCFD6F00CF8C9C = {
						CreatedOnToolsVersion = 6.3;
					};
					19459CDB1ADCFD6F00CF8C9C = {
						CreatedOnToolsVersion = 6.3;
						TestTargetID = 19459CC21ADCFD6F00CF8C9C;
					};
				};
			};
			buildConfigurationList = 19459CBE1ADCFD6F00CF8C9C /* Build configuration list for PBXProject "CrystalBall" */;
			compatibilityVersion = "Xcode 3.2";
			developmentRegion = English;
			hasScannedForEncodings = 0;
			knownRegions = (
				en,
				Base,
			);
			mainGroup = 19459CBA1ADCFD6F00CF8C9C;
			productRefGroup = 19459CC41ADCFD6F00CF8C9C /* Products */;
			projectDirPath = "";
			projectRoot = "";
			targets = (
				19459CC21ADCFD6F00CF8C9C /* CrystalBall */,
				19459CDB1ADCFD6F00CF8C9C /* CrystalBallTests */,
			);
		};
/* End PBXProject section */

/* Begin PBXResourcesBuildPhase section */
		19459CC11ADCFD6F00CF8C9C /* Resources */ = {
			isa = PBXResourcesBuildPhase;
			buildActionMask = 2147483647;
			files = (
				19459CD21ADCFD6F00CF8C9C /* Main.storyboard in Resources */,
				19459CD71ADCFD6F00CF8C9C /* LaunchScreen.xib in Resources */,
				19459CD41ADCFD6F00CF8C9C /* Images.xcassets in Resources */,
			);
			runOnlyForDeploymentPostprocessing = 0;
		};
		19459CDA1ADCFD6F00CF8C9C /* Resources */ = {
			isa = PBXResourcesBuildPhase;
			buildActionMask = 2147483647;
			files = (
			);
			runOnlyForDeploymentPostprocessing = 0;
		};
/* End PBXResourcesBuildPhase section */

/* Begin PBXSourcesBuildPhase section */
		19459CBF1ADCFD6F00CF8C9C /* Sources */ = {
			isa = PBXSourcesBuildPhase;
			buildActionMask = 2147483647;
			files = (
				19459CEE1ADD09DF00CF8C9C /* LuckGenerator.m in Sources */,
				19459CCF1ADCFD6F00CF8C9C /* ViewController.m in Sources */,
				19459CCC1ADCFD6F00CF8C9C /* AppDelegate.m in Sources */,
				19459CC91ADCFD6F00CF8C9C /* main.m in Sources */,
			);
			runOnlyForDeploymentPostprocessing = 0;
		};
		19459CD81ADCFD6F00CF8C9C /* Sources */ = {
			isa = PBXSourcesBuildPhase;
			buildActionMask = 2147483647;
			files = (
				19459CE31ADCFD6F00CF8C9C /* CrystalBallTests.m in Sources */,
			);
			runOnlyForDeploymentPostprocessing = 0;
		};
/* End PBXSourcesBuildPhase section */

/* Begin PBXTargetDependency section */
		19459CDE1ADCFD6F00CF8C9C /* PBXTargetDependency */ = {
			isa = PBXTargetDependency;
			target = 19459CC21ADCFD6F00CF8C9C /* CrystalBall */;
			targetProxy = 19459CDD1ADCFD6F00CF8C9C /* PBXContainerItemProxy */;
		};
/* End PBXTargetDependency section */

/* Begin PBXVariantGroup section */
		19459CD01ADCFD6F00CF8C9C /* Main.storyboard */ = {
			isa = PBXVariantGroup;
			children = (
				19459CD11ADCFD6F00CF8C9C /* Base */,
			);
			name = Main.storyboard;
			sourceTree = "<group>";
		};
		19459CD51ADCFD6F00CF8C9C /* LaunchScreen.xib */ = {
			isa = PBXVariantGroup;
			children = (
				19459CD61ADCFD6F00CF8C9C /* Base */,
			);
			name = LaunchScreen.xib;
			sourceTree = "<group>";
		};
/* End PBXVariantGroup section */

/* Begin XCBuildConfiguration section */
		19459CE41ADCFD6F00CF8C9C /* Debug */ = {
			isa = XCBuildConfiguration;
			buildSettings = {
				ALWAYS_SEARCH_USER_PATHS = NO;
				CLANG_CXX_LANGUAGE_STANDARD = "gnu++0x";
				CLANG_CXX_LIBRARY = "libc++";
				CLANG_ENABLE_MODULES = YES;
				CLANG_ENABLE_OBJC_ARC = YES;
				CLANG_WARN_BOOL_CONVERSION = YES;
				CLANG_WARN_CONSTANT_CONVERSION = YES;
				CLANG_WARN_DIRECT_OBJC_ISA_USAGE = YES_ERROR;
				CLANG_WARN_EMPTY_BODY = YES;
				CLANG_WARN_ENUM_CONVERSION = YES;
				CLANG_WARN_INT_CONVERSION = YES;
				CLANG_WARN_OBJC_ROOT_CLASS = YES_ERROR;
				CLANG_WARN_UNREACHABLE_CODE = YES;
				CLANG_WARN__DUPLICATE_METHOD_MATCH = YES;
				"CODE_SIGN_IDENTITY[sdk=iphoneos*]" = "iPhone Developer";
				COPY_PHASE_STRIP = NO;
				DEBUG_INFORMATION_FORMAT = "dwarf-with-dsym";
				ENABLE_STRICT_OBJC_MSGSEND = YES;
				GCC_C_LANGUAGE_STANDARD = gnu99;
				GCC_DYNAMIC_NO_PIC = NO;
				GCC_NO_COMMON_BLOCKS = YES;
				GCC_OPTIMIZATION_LEVEL = 0;
				GCC_PREPROCESSOR_DEFINITIONS = (
					"DEBUG=1",
					"$(inherited)",
				);
				GCC_SYMBOLS_PRIVATE_EXTERN = NO;
				GCC_WARN_64_TO_32_BIT_CONVERSION = YES;
				GCC_WARN_ABOUT_RETURN_TYPE = YES_ERROR;
				GCC_WARN_UNDECLARED_SELECTOR = YES;
				GCC_WARN_UNINITIALIZED_AUTOS = YES_AGGRESSIVE;
				GCC_WARN_UNUSED_FUNCTION = YES;
				GCC_WARN_UNUSED_VARIABLE = YES;
				IPHONEOS_DEPLOYMENT_TARGET = 8.3;
				MTL_ENABLE_DEBUG_INFO = YES;
				ONLY_ACTIVE_ARCH = YES;
				SDKROOT = iphoneos;
			};
			name = Debug;
		};
		19459CE51ADCFD6F00CF8C9C /* Release */ = {
			isa = XCBuildConfiguration;
			buildSettings = {
				ALWAYS_SEARCH_USER_PATHS = NO;
				CLANG_CXX_LANGUAGE_STANDARD = "gnu++0x";
				CLANG_CXX_LIBRARY = "libc++";
				CLANG_ENABLE_MODULES = YES;
				CLANG_ENABLE_OBJC_ARC = YES;
				CLANG_WARN_BOOL_CONVERSION = YES;
				CLANG_WARN_CONSTANT_CONVERSION = YES;
				CLANG_WARN_DIRECT_OBJC_ISA_USAGE = YES_ERROR;
				CLANG_WARN_EMPTY_BODY = YES;
				CLANG_WARN_ENUM_CONVERSION = YES;
				CLANG_WARN_INT_CONVERSION = YES;
				CLANG_WARN_OBJC_ROOT_CLASS = YES_ERROR;
				CLANG_WARN_UNREACHABLE_CODE = YES;
				CLANG_WARN__DUPLICATE_METHOD_MATCH = YES;
				"CODE_SIGN_IDENTITY[sdk=iphoneos*]" = "iPhone Developer";
				COPY_PHASE_STRIP = NO;
				DEBUG_INFORMATION_FORMAT = "dwarf-with-dsym";
				ENABLE_NS_ASSERTIONS = NO;
				ENABLE_STRICT_OBJC_MSGSEND = YES;
				GCC_C_LANGUAGE_STANDARD = gnu99;
				GCC_NO_COMMON_BLOCKS = YES;
				GCC_WARN_64_TO_32_BIT_CONVERSION = YES;
				GCC_WARN_ABOUT_RETURN_TYPE = YES_ERROR;
				GCC_WARN_UNDECLARED_SELECTOR = YES;
				GCC_WARN_UNINITIALIZED_AUTOS = YES_AGGRESSIVE;
				GCC_WARN_UNUSED_FUNCTION = YES;
				GCC_WARN_UNUSED_VARIABLE = YES;
				IPHONEOS_DEPLOYMENT_TARGET = 8.3;
				MTL_ENABLE_DEBUG_INFO = NO;
				SDKROOT = iphoneos;
				VALIDATE_PRODUCT = YES;
			};
			name = Release;
		};
		19459CE71ADCFD6F00CF8C9C /* Debug */ = {
			isa = XCBuildConfiguration;
			buildSettings = {
				ASSETCATALOG_COMPILER_APPICON_NAME = AppIcon;
				INFOPLIST_FILE = CrystalBall/Info.plist;
				LD_RUNPATH_SEARCH_PATHS = "$(inherited) @executable_path/Frameworks";
				PRODUCT_NAME = "$(TARGET_NAME)";
			};
			name = Debug;
		};
		19459CE81ADCFD6F00CF8C9C /* Release */ = {
			isa = XCBuildConfiguration;
			buildSettings = {
				ASSETCATALOG_COMPILER_APPICON_NAME = AppIcon;
				INFOPLIST_FILE = CrystalBall/Info.plist;
				LD_RUNPATH_SEARCH_PATHS = "$(inherited) @executable_path/Frameworks";
				PRODUCT_NAME = "$(TARGET_NAME)";
			};
			name = Release;
		};
		19459CEA1ADCFD6F00CF8C9C /* Debug */ = {
			isa = XCBuildConfiguration;
			buildSettings = {
				BUNDLE_LOADER = "$(TEST_HOST)";
				FRAMEWORK_SEARCH_PATHS = (
					"$(SDKROOT)/Developer/Library/Frameworks",
					"$(inherited)",
				);
				GCC_PREPROCESSOR_DEFINITIONS = (
					"DEBUG=1",
					"$(inherited)",
				);
				INFOPLIST_FILE = CrystalBallTests/Info.plist;
				LD_RUNPATH_SEARCH_PATHS = "$(inherited) @executable_path/Frameworks @loader_path/Frameworks";
				PRODUCT_NAME = "$(TARGET_NAME)";
				TEST_HOST = "$(BUILT_PRODUCTS_DIR)/CrystalBall.app/CrystalBall";
			};
			name = Debug;
		};
		19459CEB1ADCFD6F00CF8C9C /* Release */ = {
			isa = XCBuildConfiguration;
			buildSettings = {
				BUNDLE_LOADER = "$(TEST_HOST)";
				FRAMEWORK_SEARCH_PATHS = (
					"$(SDKROOT)/Developer/Library/Frameworks",
					"$(inherited)",
				);
				INFOPLIST_FILE = CrystalBallTests/Info.plist;
				LD_RUNPATH_SEARCH_PATHS = "$(inherited) @executable_path/Frameworks @loader_path/Frameworks";
				PRODUCT_NAME = "$(TARGET_NAME)";
				TEST_HOST = "$(BUILT_PRODUCTS_DIR)/CrystalBall.app/CrystalBall";
			};
			name = Release;
		};
/* End XCBuildConfiguration section */

/* Begin XCConfigurationList section */
		19459CBE1ADCFD6F00CF8C9C /* Build configuration list for PBXProject "CrystalBall" */ = {
			isa = XCConfigurationList;
			buildConfigurations = (
				19459CE41ADCFD6F00CF8C9C /* Debug */,
				19459CE51ADCFD6F00CF8C9C /* Release */,
			);
			defaultConfigurationIsVisible = 0;
			defaultConfigurationName = Release;
		};
		19459CE61ADCFD6F00CF8C9C /* Build configuration list for PBXNativeTarget "CrystalBall" */ = {
			isa = XCConfigurationList;
			buildConfigurations = (
				19459CE71ADCFD6F00CF8C9C /* Debug */,
				19459CE81ADCFD6F00CF8C9C /* Release */,
			);
			defaultConfigurationIsVisible = 0;
		};
		19459CE91ADCFD6F00CF8C9C /* Build configuration list for PBXNativeTarget "CrystalBallTests" */ = {
			isa = XCConfigurationList;
			buildConfigurations = (
				19459CEA1ADCFD6F00CF8C9C /* Debug */,
				19459CEB1ADCFD6F00CF8C9C /* Release */,
			);
			defaultConfigurationIsVisible = 0;
		};
/* End XCConfigurationList section */
	};
	rootObject = 19459CBB1ADCFD6F00CF8C9C /* Project object */;
}
