// !$*UTF8*$!
{
	archiveVersion = 1;
	classes = {
	};
	objectVersion = 46;
	objects = {

/* Begin PBXBuildFile section */
		19FE87641BC67A9F0010E74A /* main.m in Sources */ = {isa = PBXBuildFile; fileRef = 19FE87631BC67A9F0010E74A /* main.m */; };
		19FE87671BC67A9F0010E74A /* AppDelegate.m in Sources */ = {isa = PBXBuildFile; fileRef = 19FE87661BC67A9F0010E74A /* AppDelegate.m */; };
		19FE876A1BC67A9F0010E74A /* ViewController.m in Sources */ = {isa = PBXBuildFile; fileRef = 19FE87691BC67A9F0010E74A /* ViewController.m */; };
		19FE876D1BC67A9F0010E74A /* Main.storyboard in Resources */ = {isa = PBXBuildFile; fileRef = 19FE876B1BC67A9F0010E74A /* Main.storyboard */; };
		19FE876F1BC67A9F0010E74A /* Assets.xcassets in Resources */ = {isa = PBXBuildFile; fileRef = 19FE876E1BC67A9F0010E74A /* Assets.xcassets */; };
		19FE87721BC67A9F0010E74A /* LaunchScreen.storyboard in Resources */ = {isa = PBXBuildFile; fileRef = 19FE87701BC67A9F0010E74A /* LaunchScreen.storyboard */; };
		19FE877D1BC6843D0010E74A /* Localizable.strings in Resources */ = {isa = PBXBuildFile; fileRef = 19FE877F1BC6843D0010E74A /* Localizable.strings */; };
/* End PBXBuildFile section */

/* Begin PBXFileReference section */
		19513E2C1DA3CF1B00A6D138 /* de */ = {isa = PBXFileReference; lastKnownFileType = text.plist.strings; name = de; path = de.lproj/Main.strings; sourceTree = "<group>"; };
		19FE875F1BC67A9F0010E74A /* Localization.app */ = {isa = PBXFileReference; explicitFileType = wrapper.application; includeInIndex = 0; path = Localization.app; sourceTree = BUILT_PRODUCTS_DIR; };
		19FE87631BC67A9F0010E74A /* main.m */ = {isa = PBXFileReference; lastKnownFileType = sourcecode.c.objc; path = main.m; sourceTree = "<group>"; };
		19FE87651BC67A9F0010E74A /* AppDelegate.h */ = {isa = PBXFileReference; lastKnownFileType = sourcecode.c.h; path = AppDelegate.h; sourceTree = "<group>"; };
		19FE87661BC67A9F0010E74A /* AppDelegate.m */ = {isa = PBXFileReference; lastKnownFileType = sourcecode.c.objc; path = AppDelegate.m; sourceTree = "<group>"; };
		19FE87681BC67A9F0010E74A /* ViewController.h */ = {isa = PBXFileReference; lastKnownFileType = sourcecode.c.h; path = ViewController.h; sourceTree = "<group>"; };
		19FE87691BC67A9F0010E74A /* ViewController.m */ = {isa = PBXFileReference; lastKnownFileType = sourcecode.c.objc; path = ViewController.m; sourceTree = "<group>"; };
		19FE876C1BC67A9F0010E74A /* Base */ = {isa = PBXFileReference; lastKnownFileType = file.storyboard; name = Base; path = Base.lproj/Main.storyboard; sourceTree = "<group>"; };
		19FE876E1BC67A9F0010E74A /* Assets.xcassets */ = {isa = PBXFileReference; lastKnownFileType = folder.assetcatalog; path = Assets.xcassets; sourceTree = "<group>"; };
		19FE87711BC67A9F0010E74A /* Base */ = {isa = PBXFileReference; lastKnownFileType = file.storyboard; name = Base; path = Base.lproj/LaunchScreen.storyboard; sourceTree = "<group>"; };
		19FE87731BC67A9F0010E74A /* Info.plist */ = {isa = PBXFileReference; lastKnownFileType = text.plist.xml; path = Info.plist; sourceTree = "<group>"; };
		19FE87821BC684700010E74A /* Base */ = {isa = PBXFileReference; lastKnownFileType = text.plist.strings; name = Base; path = Base.lproj/Localizable.strings; sourceTree = "<group>"; };
		19FE87841BC684960010E74A /* de */ = {isa = PBXFileReference; lastKnownFileType = text.plist.strings; name = de; path = de.lproj/LaunchScreen.strings; sourceTree = "<group>"; };
		19FE87851BC684960010E74A /* de */ = {isa = PBXFileReference; lastKnownFileType = text.plist.strings; name = de; path = de.lproj/Localizable.strings; sourceTree = "<group>"; };
/* End PBXFileReference section */

/* Begin PBXFrameworksBuildPhase section */
		19FE875C1BC67A9F0010E74A /* Frameworks */ = {
			isa = PBXFrameworksBuildPhase;
			buildActionMask = 2147483647;
			files = (
			);
			runOnlyForDeploymentPostprocessing = 0;
		};
/* End PBXFrameworksBuildPhase section */

/* Begin PBXGroup section */
		19FE87561BC67A9F0010E74A = {
			isa = PBXGroup;
			children = (
				19FE87611BC67A9F0010E74A /* Localization */,
				19FE87601BC67A9F0010E74A /* Products */,
			);
			sourceTree = "<group>";
		};
		19FE87601BC67A9F0010E74A /* Products */ = {
			isa = PBXGroup;
			children = (
				19FE875F1BC67A9F0010E74A /* Localization.app */,
			);
			name = Products;
			sourceTree = "<group>";
		};
		19FE87611BC67A9F0010E74A /* Localization */ = {
			isa = PBXGroup;
			children = (
				19FE87651BC67A9F0010E74A /* AppDelegate.h */,
				19FE87661BC67A9F0010E74A /* AppDelegate.m */,
				19FE87681BC67A9F0010E74A /* ViewController.h */,
				19FE87691BC67A9F0010E74A /* ViewController.m */,
				19FE876B1BC67A9F0010E74A /* Main.storyboard */,
				19FE876E1BC67A9F0010E74A /* Assets.xcassets */,
				19FE87701BC67A9F0010E74A /* LaunchScreen.storyboard */,
				19FE87731BC67A9F0010E74A /* Info.plist */,
				19FE87621BC67A9F0010E74A /* Supporting Files */,
				19FE877F1BC6843D0010E74A /* Localizable.strings */,
			);
			path = Localization;
			sourceTree = "<group>";
		};
		19FE87621BC67A9F0010E74A /* Supporting Files */ = {
			isa = PBXGroup;
			children = (
				19FE87631BC67A9F0010E74A /* main.m */,
			);
			name = "Supporting Files";
			sourceTree = "<group>";
		};
/* End PBXGroup section */

/* Begin PBXNativeTarget section */
		19FE875E1BC67A9F0010E74A /* Localization */ = {
			isa = PBXNativeTarget;
			buildConfigurationList = 19FE87761BC67A9F0010E74A /* Build configuration list for PBXNativeTarget "Localization" */;
			buildPhases = (
				19FE875B1BC67A9F0010E74A /* Sources */,
				19FE875C1BC67A9F0010E74A /* Frameworks */,
				19FE875D1BC67A9F0010E74A /* Resources */,
			);
			buildRules = (
			);
			dependencies = (
			);
			name = Localization;
			productName = Localization;
			productReference = 19FE875F1BC67A9F0010E74A /* Localization.app */;
			productType = "com.apple.product-type.application";
		};
/* End PBXNativeTarget section */

/* Begin PBXProject section */
		19FE87571BC67A9F0010E74A /* Project object */ = {
			isa = PBXProject;
			attributes = {
				LastUpgradeCheck = 0700;
				ORGANIZATIONNAME = archangel;
				TargetAttributes = {
					19FE875E1BC67A9F0010E74A = {
						CreatedOnToolsVersion = 7.0;
					};
				};
			};
			buildConfigurationList = 19FE875A1BC67A9F0010E74A /* Build configuration list for PBXProject "Localization" */;
			compatibilityVersion = "Xcode 3.2";
			developmentRegion = English;
			hasScannedForEncodings = 0;
			knownRegions = (
				en,
				Base,
				de,
				es,
			);
			mainGroup = 19FE87561BC67A9F0010E74A;
			productRefGroup = 19FE87601BC67A9F0010E74A /* Products */;
			projectDirPath = "";
			projectRoot = "";
			targets = (
				19FE875E1BC67A9F0010E74A /* Localization */,
			);
		};
/* End PBXProject section */

/* Begin PBXResourcesBuildPhase section */
		19FE875D1BC67A9F0010E74A /* Resources */ = {
			isa = PBXResourcesBuildPhase;
			buildActionMask = 2147483647;
			files = (
				19FE87721BC67A9F0010E74A /* LaunchScreen.storyboard in Resources */,
				19FE877D1BC6843D0010E74A /* Localizable.strings in Resources */,
				19FE876F1BC67A9F0010E74A /* Assets.xcassets in Resources */,
				19FE876D1BC67A9F0010E74A /* Main.storyboard in Resources */,
			);
			runOnlyForDeploymentPostprocessing = 0;
		};
/* End PBXResourcesBuildPhase section */

/* Begin PBXSourcesBuildPhase section */
		19FE875B1BC67A9F0010E74A /* Sources */ = {
			isa = PBXSourcesBuildPhase;
			buildActionMask = 2147483647;
			files = (
				19FE876A1BC67A9F0010E74A /* ViewController.m in Sources */,
				19FE87671BC67A9F0010E74A /* AppDelegate.m in Sources */,
				19FE87641BC67A9F0010E74A /* main.m in Sources */,
			);
			runOnlyForDeploymentPostprocessing = 0;
		};
/* End PBXSourcesBuildPhase section */

/* Begin PBXVariantGroup section */
		19FE876B1BC67A9F0010E74A /* Main.storyboard */ = {
			isa = PBXVariantGroup;
			children = (
				19FE876C1BC67A9F0010E74A /* Base */,
				19513E2C1DA3CF1B00A6D138 /* de */,
			);
			name = Main.storyboard;
			sourceTree = "<group>";
		};
		19FE87701BC67A9F0010E74A /* LaunchScreen.storyboard */ = {
			isa = PBXVariantGroup;
			children = (
				19FE87711BC67A9F0010E74A /* Base */,
				19FE87841BC684960010E74A /* de */,
			);
			name = LaunchScreen.storyboard;
			sourceTree = "<group>";
		};
		19FE877F1BC6843D0010E74A /* Localizable.strings */ = {
			isa = PBXVariantGroup;
			children = (
				19FE87821BC684700010E74A /* Base */,
				19FE87851BC684960010E74A /* de */,
			);
			name = Localizable.strings;
			sourceTree = "<group>";
		};
/* End PBXVariantGroup section */

/* Begin XCBuildConfiguration section */
		19FE87741BC67A9F0010E74A /* Debug */ = {
			isa = XCBuildConfiguration;
			buildSettings = {
				ALWAYS_SEARCH_USER_PATHS = NO;
				CLANG_CXX_LANGUAGE_STANDARD = "gnu++0x";
				CLANG_CXX_LIBRARY = "libc++";
				CLANG_ENABLE_MODULES = YES;
				CLANG_ENABLE_OBJC_ARC = YES;
				CLANG_WARN_BOOL_CONVERSION = YES;
				CLANG_WARN_CONSTANT_CONVERSION = YES;
				CLANG_WARN_DIRECT_OBJC_ISA_USAGE = YES_ERROR;
				CLANG_WARN_EMPTY_BODY = YES;
				CLANG_WARN_ENUM_CONVERSION = YES;
				CLANG_WARN_INT_CONVERSION = YES;
				CLANG_WARN_OBJC_ROOT_CLASS = YES_ERROR;
				CLANG_WARN_UNREACHABLE_CODE = YES;
				CLANG_WARN__DUPLICATE_METHOD_MATCH = YES;
				"CODE_SIGN_IDENTITY[sdk=iphoneos*]" = "iPhone Developer";
				COPY_PHASE_STRIP = NO;
				DEBUG_INFORMATION_FORMAT = dwarf;
				ENABLE_STRICT_OBJC_MSGSEND = YES;
				ENABLE_TESTABILITY = YES;
				GCC_C_LANGUAGE_STANDARD = gnu99;
				GCC_DYNAMIC_NO_PIC = NO;
				GCC_NO_COMMON_BLOCKS = YES;
				GCC_OPTIMIZATION_LEVEL = 0;
				GCC_PREPROCESSOR_DEFINITIONS = (
					"DEBUG=1",
					"$(inherited)",
				);
				GCC_WARN_64_TO_32_BIT_CONVERSION = YES;
				GCC_WARN_ABOUT_RETURN_TYPE = YES_ERROR;
				GCC_WARN_UNDECLARED_SELECTOR = YES;
				GCC_WARN_UNINITIALIZED_AUTOS = YES_AGGRESSIVE;
				GCC_WARN_UNUSED_FUNCTION = YES;
				GCC_WARN_UNUSED_VARIABLE = YES;
				IPHONEOS_DEPLOYMENT_TARGET = 9.0;
				MTL_ENABLE_DEBUG_INFO = YES;
				ONLY_ACTIVE_ARCH = YES;
				SDKROOT = iphoneos;
			};
			name = Debug;
		};
		19FE87751BC67A9F0010E74A /* Release */ = {
			isa = XCBuildConfiguration;
			buildSettings = {
				ALWAYS_SEARCH_USER_PATHS = NO;
				CLANG_CXX_LANGUAGE_STANDARD = "gnu++0x";
				CLANG_CXX_LIBRARY = "libc++";
				CLANG_ENABLE_MODULES = YES;
				CLANG_ENABLE_OBJC_ARC = YES;
				CLANG_WARN_BOOL_CONVERSION = YES;
				CLANG_WARN_CONSTANT_CONVERSION = YES;
				CLANG_WARN_DIRECT_OBJC_ISA_USAGE = YES_ERROR;
				CLANG_WARN_EMPTY_BODY = YES;
				CLANG_WARN_ENUM_CONVERSION = YES;
				CLANG_WARN_INT_CONVERSION = YES;
				CLANG_WARN_OBJC_ROOT_CLASS = YES_ERROR;
				CLANG_WARN_UNREACHABLE_CODE = YES;
				CLANG_WARN__DUPLICATE_METHOD_MATCH = YES;
				"CODE_SIGN_IDENTITY[sdk=iphoneos*]" = "iPhone Developer";
				COPY_PHASE_STRIP = NO;
				DEBUG_INFORMATION_FORMAT = "dwarf-with-dsym";
				ENABLE_NS_ASSERTIONS = NO;
				ENABLE_STRICT_OBJC_MSGSEND = YES;
				GCC_C_LANGUAGE_STANDARD = gnu99;
				GCC_NO_COMMON_BLOCKS = YES;
				GCC_WARN_64_TO_32_BIT_CONVERSION = YES;
				GCC_WARN_ABOUT_RETURN_TYPE = YES_ERROR;
				GCC_WARN_UNDECLARED_SELECTOR = YES;
				GCC_WARN_UNINITIALIZED_AUTOS = YES_AGGRESSIVE;
				GCC_WARN_UNUSED_FUNCTION = YES;
				GCC_WARN_UNUSED_VARIABLE = YES;
				IPHONEOS_DEPLOYMENT_TARGET = 9.0;
				MTL_ENABLE_DEBUG_INFO = NO;
				SDKROOT = iphoneos;
				VALIDATE_PRODUCT = YES;
			};
			name = Release;
		};
		19FE87771BC67A9F0010E74A /* Debug */ = {
			isa = XCBuildConfiguration;
			buildSettings = {
				ASSETCATALOG_COMPILER_APPICON_NAME = AppIcon;
				INFOPLIST_FILE = Localization/Info.plist;
				IPHONEOS_DEPLOYMENT_TARGET = 8.0;
				LD_RUNPATH_SEARCH_PATHS = "$(inherited) @executable_path/Frameworks";
				PRODUCT_BUNDLE_IDENTIFIER = com.archangel.Localization;
				PRODUCT_NAME = "$(TARGET_NAME)";
			};
			name = Debug;
		};
		19FE87781BC67A9F0010E74A /* Release */ = {
			isa = XCBuildConfiguration;
			buildSettings = {
				ASSETCATALOG_COMPILER_APPICON_NAME = AppIcon;
				INFOPLIST_FILE = Localization/Info.plist;
				IPHONEOS_DEPLOYMENT_TARGET = 8.0;
				LD_RUNPATH_SEARCH_PATHS = "$(inherited) @executable_path/Frameworks";
				PRODUCT_BUNDLE_IDENTIFIER = com.archangel.Localization;
				PRODUCT_NAME = "$(TARGET_NAME)";
			};
			name = Release;
		};
/* End XCBuildConfiguration section */

/* Begin XCConfigurationList section */
		19FE875A1BC67A9F0010E74A /* Build configuration list for PBXProject "Localization" */ = {
			isa = XCConfigurationList;
			buildConfigurations = (
				19FE87741BC67A9F0010E74A /* Debug */,
				19FE87751BC67A9F0010E74A /* Release */,
			);
			defaultConfigurationIsVisible = 0;
			defaultConfigurationName = Release;
		};
		19FE87761BC67A9F0010E74A /* Build configuration list for PBXNativeTarget "Localization" */ = {
			isa = XCConfigurationList;
			buildConfigurations = (
				19FE87771BC67A9F0010E74A /* Debug */,
				19FE87781BC67A9F0010E74A /* Release */,
			);
			defaultConfigurationIsVisible = 0;
			defaultConfigurationName = Release;
		};
/* End XCConfigurationList section */
	};
	rootObject = 19FE87571BC67A9F0010E74A /* Project object */;
}
