// !$*UTF8*$!
{
	archiveVersion = 1;
	classes = {
	};
	objectVersion = 46;
	objects = {

/* Begin PBXBuildFile section */
		19BDC8E61B34653D005080C8 /* main.m in Sources */ = {isa = PBXBuildFile; fileRef = 19BDC8E51B34653D005080C8 /* main.m */; };
		19BDC8E91B34653D005080C8 /* AppDelegate.m in Sources */ = {isa = PBXBuildFile; fileRef = 19BDC8E81B34653D005080C8 /* AppDelegate.m */; };
		19BDC8EC1B34653D005080C8 /* FirstViewController.m in Sources */ = {isa = PBXBuildFile; fileRef = 19BDC8EB1B34653D005080C8 /* FirstViewController.m */; };
		19BDC8EF1B34653D005080C8 /* SecondViewController.m in Sources */ = {isa = PBXBuildFile; fileRef = 19BDC8EE1B34653D005080C8 /* SecondViewController.m */; };
		19BDC8F21B34653D005080C8 /* Main.storyboard in Resources */ = {isa = PBXBuildFile; fileRef = 19BDC8F01B34653D005080C8 /* Main.storyboard */; };
		19BDC8F41B34653D005080C8 /* Images.xcassets in Resources */ = {isa = PBXBuildFile; fileRef = 19BDC8F31B34653D005080C8 /* Images.xcassets */; };
		19BDC8F71B34653D005080C8 /* LaunchScreen.xib in Resources */ = {isa = PBXBuildFile; fileRef = 19BDC8F51B34653D005080C8 /* LaunchScreen.xib */; };
		19BDC9031B34653D005080C8 /* TabActionsTests.m in Sources */ = {isa = PBXBuildFile; fileRef = 19BDC9021B34653D005080C8 /* TabActionsTests.m */; };
		19BDC90E1B346588005080C8 /* MainTabBarViewController.m in Sources */ = {isa = PBXBuildFile; fileRef = 19BDC90D1B346588005080C8 /* MainTabBarViewController.m */; };
/* End PBXBuildFile section */

/* Begin PBXContainerItemProxy section */
		19BDC8FD1B34653D005080C8 /* PBXContainerItemProxy */ = {
			isa = PBXContainerItemProxy;
			containerPortal = 19BDC8D81B34653D005080C8 /* Project object */;
			proxyType = 1;
			remoteGlobalIDString = 19BDC8DF1B34653D005080C8;
			remoteInfo = TabActions;
		};
/* End PBXContainerItemProxy section */

/* Begin PBXFileReference section */
		19BDC8E01B34653D005080C8 /* TabActions.app */ = {isa = PBXFileReference; explicitFileType = wrapper.application; includeInIndex = 0; path = TabActions.app; sourceTree = BUILT_PRODUCTS_DIR; };
		19BDC8E41B34653D005080C8 /* Info.plist */ = {isa = PBXFileReference; lastKnownFileType = text.plist.xml; path = Info.plist; sourceTree = "<group>"; };
		19BDC8E51B34653D005080C8 /* main.m */ = {isa = PBXFileReference; lastKnownFileType = sourcecode.c.objc; path = main.m; sourceTree = "<group>"; };
		19BDC8E71B34653D005080C8 /* AppDelegate.h */ = {isa = PBXFileReference; lastKnownFileType = sourcecode.c.h; path = AppDelegate.h; sourceTree = "<group>"; };
		19BDC8E81B34653D005080C8 /* AppDelegate.m */ = {isa = PBXFileReference; lastKnownFileType = sourcecode.c.objc; path = AppDelegate.m; sourceTree = "<group>"; };
		19BDC8EA1B34653D005080C8 /* FirstViewController.h */ = {isa = PBXFileReference; lastKnownFileType = sourcecode.c.h; path = FirstViewController.h; sourceTree = "<group>"; };
		19BDC8EB1B34653D005080C8 /* FirstViewController.m */ = {isa = PBXFileReference; lastKnownFileType = sourcecode.c.objc; path = FirstViewController.m; sourceTree = "<group>"; };
		19BDC8ED1B34653D005080C8 /* SecondViewController.h */ = {isa = PBXFileReference; lastKnownFileType = sourcecode.c.h; path = SecondViewController.h; sourceTree = "<group>"; };
		19BDC8EE1B34653D005080C8 /* SecondViewController.m */ = {isa = PBXFileReference; lastKnownFileType = sourcecode.c.objc; path = SecondViewController.m; sourceTree = "<group>"; };
		19BDC8F11B34653D005080C8 /* Base */ = {isa = PBXFileReference; lastKnownFileType = file.storyboard; name = Base; path = Base.lproj/Main.storyboard; sourceTree = "<group>"; };
		19BDC8F31B34653D005080C8 /* Images.xcassets */ = {isa = PBXFileReference; lastKnownFileType = folder.assetcatalog; path = Images.xcassets; sourceTree = "<group>"; };
		19BDC8F61B34653D005080C8 /* Base */ = {isa = PBXFileReference; lastKnownFileType = file.xib; name = Base; path = Base.lproj/LaunchScreen.xib; sourceTree = "<group>"; };
		19BDC8FC1B34653D005080C8 /* TabActionsTests.xctest */ = {isa = PBXFileReference; explicitFileType = wrapper.cfbundle; includeInIndex = 0; path = TabActionsTests.xctest; sourceTree = BUILT_PRODUCTS_DIR; };
		19BDC9011B34653D005080C8 /* Info.plist */ = {isa = PBXFileReference; lastKnownFileType = text.plist.xml; path = Info.plist; sourceTree = "<group>"; };
		19BDC9021B34653D005080C8 /* TabActionsTests.m */ = {isa = PBXFileReference; lastKnownFileType = sourcecode.c.objc; path = TabActionsTests.m; sourceTree = "<group>"; };
		19BDC90C1B346588005080C8 /* MainTabBarViewController.h */ = {isa = PBXFileReference; fileEncoding = 4; lastKnownFileType = sourcecode.c.h; path = MainTabBarViewController.h; sourceTree = "<group>"; };
		19BDC90D1B346588005080C8 /* MainTabBarViewController.m */ = {isa = PBXFileReference; fileEncoding = 4; lastKnownFileType = sourcecode.c.objc; path = MainTabBarViewController.m; sourceTree = "<group>"; };
/* End PBXFileReference section */

/* Begin PBXFrameworksBuildPhase section */
		19BDC8DD1B34653D005080C8 /* Frameworks */ = {
			isa = PBXFrameworksBuildPhase;
			buildActionMask = 2147483647;
			files = (
			);
			runOnlyForDeploymentPostprocessing = 0;
		};
		19BDC8F91B34653D005080C8 /* Frameworks */ = {
			isa = PBXFrameworksBuildPhase;
			buildActionMask = 2147483647;
			files = (
			);
			runOnlyForDeploymentPostprocessing = 0;
		};
/* End PBXFrameworksBuildPhase section */

/* Begin PBXGroup section */
		19BDC8D71B34653D005080C8 = {
			isa = PBXGroup;
			children = (
				19BDC8E21B34653D005080C8 /* TabActions */,
				19BDC8FF1B34653D005080C8 /* TabActionsTests */,
				19BDC8E11B34653D005080C8 /* Products */,
			);
			sourceTree = "<group>";
		};
		19BDC8E11B34653D005080C8 /* Products */ = {
			isa = PBXGroup;
			children = (
				19BDC8E01B34653D005080C8 /* TabActions.app */,
				19BDC8FC1B34653D005080C8 /* TabActionsTests.xctest */,
			);
			name = Products;
			sourceTree = "<group>";
		};
		19BDC8E21B34653D005080C8 /* TabActions */ = {
			isa = PBXGroup;
			children = (
				19BDC8E71B34653D005080C8 /* AppDelegate.h */,
				19BDC8E81B34653D005080C8 /* AppDelegate.m */,
				19BDC8EA1B34653D005080C8 /* FirstViewController.h */,
				19BDC8EB1B34653D005080C8 /* FirstViewController.m */,
				19BDC8ED1B34653D005080C8 /* SecondViewController.h */,
				19BDC8EE1B34653D005080C8 /* SecondViewController.m */,
				19BDC8F01B34653D005080C8 /* Main.storyboard */,
				19BDC8F31B34653D005080C8 /* Images.xcassets */,
				19BDC8F51B34653D005080C8 /* LaunchScreen.xib */,
				19BDC8E31B34653D005080C8 /* Supporting Files */,
				19BDC90C1B346588005080C8 /* MainTabBarViewController.h */,
				19BDC90D1B346588005080C8 /* MainTabBarViewController.m */,
			);
			path = TabActions;
			sourceTree = "<group>";
		};
		19BDC8E31B34653D005080C8 /* Supporting Files */ = {
			isa = PBXGroup;
			children = (
				19BDC8E41B34653D005080C8 /* Info.plist */,
				19BDC8E51B34653D005080C8 /* main.m */,
			);
			name = "Supporting Files";
			sourceTree = "<group>";
		};
		19BDC8FF1B34653D005080C8 /* TabActionsTests */ = {
			isa = PBXGroup;
			children = (
				19BDC9021B34653D005080C8 /* TabActionsTests.m */,
				19BDC9001B34653D005080C8 /* Supporting Files */,
			);
			path = TabActionsTests;
			sourceTree = "<group>";
		};
		19BDC9001B34653D005080C8 /* Supporting Files */ = {
			isa = PBXGroup;
			children = (
				19BDC9011B34653D005080C8 /* Info.plist */,
			);
			name = "Supporting Files";
			sourceTree = "<group>";
		};
/* End PBXGroup section */

/* Begin PBXNativeTarget section */
		19BDC8DF1B34653D005080C8 /* TabActions */ = {
			isa = PBXNativeTarget;
			buildConfigurationList = 19BDC9061B34653D005080C8 /* Build configuration list for PBXNativeTarget "TabActions" */;
			buildPhases = (
				19BDC8DC1B34653D005080C8 /* Sources */,
				19BDC8DD1B34653D005080C8 /* Frameworks */,
				19BDC8DE1B34653D005080C8 /* Resources */,
			);
			buildRules = (
			);
			dependencies = (
			);
			name = TabActions;
			productName = TabActions;
			productReference = 19BDC8E01B34653D005080C8 /* TabActions.app */;
			productType = "com.apple.product-type.application";
		};
		19BDC8FB1B34653D005080C8 /* TabActionsTests */ = {
			isa = PBXNativeTarget;
			buildConfigurationList = 19BDC9091B34653D005080C8 /* Build configuration list for PBXNativeTarget "TabActionsTests" */;
			buildPhases = (
				19BDC8F81B34653D005080C8 /* Sources */,
				19BDC8F91B34653D005080C8 /* Frameworks */,
				19BDC8FA1B34653D005080C8 /* Resources */,
			);
			buildRules = (
			);
			dependencies = (
				19BDC8FE1B34653D005080C8 /* PBXTargetDependency */,
			);
			name = TabActionsTests;
			productName = TabActionsTests;
			productReference = 19BDC8FC1B34653D005080C8 /* TabActionsTests.xctest */;
			productType = "com.apple.product-type.bundle.unit-test";
		};
/* End PBXNativeTarget section */

/* Begin PBXProject section */
		19BDC8D81B34653D005080C8 /* Project object */ = {
			isa = PBXProject;
			attributes = {
				LastUpgradeCheck = 0630;
				ORGANIZATIONNAME = archangel;
				TargetAttributes = {
					19BDC8DF1B34653D005080C8 = {
						CreatedOnToolsVersion = 6.3.2;
					};
					19BDC8FB1B34653D005080C8 = {
						CreatedOnToolsVersion = 6.3.2;
						TestTargetID = 19BDC8DF1B34653D005080C8;
					};
				};
			};
			buildConfigurationList = 19BDC8DB1B34653D005080C8 /* Build configuration list for PBXProject "TabActions" */;
			compatibilityVersion = "Xcode 3.2";
			developmentRegion = English;
			hasScannedForEncodings = 0;
			knownRegions = (
				en,
				Base,
			);
			mainGroup = 19BDC8D71B34653D005080C8;
			productRefGroup = 19BDC8E11B34653D005080C8 /* Products */;
			projectDirPath = "";
			projectRoot = "";
			targets = (
				19BDC8DF1B34653D005080C8 /* TabActions */,
				19BDC8FB1B34653D005080C8 /* TabActionsTests */,
			);
		};
/* End PBXProject section */

/* Begin PBXResourcesBuildPhase section */
		19BDC8DE1B34653D005080C8 /* Resources */ = {
			isa = PBXResourcesBuildPhase;
			buildActionMask = 2147483647;
			files = (
				19BDC8F21B34653D005080C8 /* Main.storyboard in Resources */,
				19BDC8F71B34653D005080C8 /* LaunchScreen.xib in Resources */,
				19BDC8F41B34653D005080C8 /* Images.xcassets in Resources */,
			);
			runOnlyForDeploymentPostprocessing = 0;
		};
		19BDC8FA1B34653D005080C8 /* Resources */ = {
			isa = PBXResourcesBuildPhase;
			buildActionMask = 2147483647;
			files = (
			);
			runOnlyForDeploymentPostprocessing = 0;
		};
/* End PBXResourcesBuildPhase section */

/* Begin PBXSourcesBuildPhase section */
		19BDC8DC1B34653D005080C8 /* Sources */ = {
			isa = PBXSourcesBuildPhase;
			buildActionMask = 2147483647;
			files = (
				19BDC8EF1B34653D005080C8 /* SecondViewController.m in Sources */,
				19BDC8E91B34653D005080C8 /* AppDelegate.m in Sources */,
				19BDC90E1B346588005080C8 /* MainTabBarViewController.m in Sources */,
				19BDC8EC1B34653D005080C8 /* FirstViewController.m in Sources */,
				19BDC8E61B34653D005080C8 /* main.m in Sources */,
			);
			runOnlyForDeploymentPostprocessing = 0;
		};
		19BDC8F81B34653D005080C8 /* Sources */ = {
			isa = PBXSourcesBuildPhase;
			buildActionMask = 2147483647;
			files = (
				19BDC9031B34653D005080C8 /* TabActionsTests.m in Sources */,
			);
			runOnlyForDeploymentPostprocessing = 0;
		};
/* End PBXSourcesBuildPhase section */

/* Begin PBXTargetDependency section */
		19BDC8FE1B34653D005080C8 /* PBXTargetDependency */ = {
			isa = PBXTargetDependency;
			target = 19BDC8DF1B34653D005080C8 /* TabActions */;
			targetProxy = 19BDC8FD1B34653D005080C8 /* PBXContainerItemProxy */;
		};
/* End PBXTargetDependency section */

/* Begin PBXVariantGroup section */
		19BDC8F01B34653D005080C8 /* Main.storyboard */ = {
			isa = PBXVariantGroup;
			children = (
				19BDC8F11B34653D005080C8 /* Base */,
			);
			name = Main.storyboard;
			sourceTree = "<group>";
		};
		19BDC8F51B34653D005080C8 /* LaunchScreen.xib */ = {
			isa = PBXVariantGroup;
			children = (
				19BDC8F61B34653D005080C8 /* Base */,
			);
			name = LaunchScreen.xib;
			sourceTree = "<group>";
		};
/* End PBXVariantGroup section */

/* Begin XCBuildConfiguration section */
		19BDC9041B34653D005080C8 /* Debug */ = {
			isa = XCBuildConfiguration;
			buildSettings = {
				ALWAYS_SEARCH_USER_PATHS = NO;
				CLANG_CXX_LANGUAGE_STANDARD = "gnu++0x";
				CLANG_CXX_LIBRARY = "libc++";
				CLANG_ENABLE_MODULES = YES;
				CLANG_ENABLE_OBJC_ARC = YES;
				CLANG_WARN_BOOL_CONVERSION = YES;
				CLANG_WARN_CONSTANT_CONVERSION = YES;
				CLANG_WARN_DIRECT_OBJC_ISA_USAGE = YES_ERROR;
				CLANG_WARN_EMPTY_BODY = YES;
				CLANG_WARN_ENUM_CONVERSION = YES;
				CLANG_WARN_INT_CONVERSION = YES;
				CLANG_WARN_OBJC_ROOT_CLASS = YES_ERROR;
				CLANG_WARN_UNREACHABLE_CODE = YES;
				CLANG_WARN__DUPLICATE_METHOD_MATCH = YES;
				"CODE_SIGN_IDENTITY[sdk=iphoneos*]" = "iPhone Developer";
				COPY_PHASE_STRIP = NO;
				DEBUG_INFORMATION_FORMAT = "dwarf-with-dsym";
				ENABLE_STRICT_OBJC_MSGSEND = YES;
				GCC_C_LANGUAGE_STANDARD = gnu99;
				GCC_DYNAMIC_NO_PIC = NO;
				GCC_NO_COMMON_BLOCKS = YES;
				GCC_OPTIMIZATION_LEVEL = 0;
				GCC_PREPROCESSOR_DEFINITIONS = (
					"DEBUG=1",
					"$(inherited)",
				);
				GCC_SYMBOLS_PRIVATE_EXTERN = NO;
				GCC_WARN_64_TO_32_BIT_CONVERSION = YES;
				GCC_WARN_ABOUT_RETURN_TYPE = YES_ERROR;
				GCC_WARN_UNDECLARED_SELECTOR = YES;
				GCC_WARN_UNINITIALIZED_AUTOS = YES_AGGRESSIVE;
				GCC_WARN_UNUSED_FUNCTION = YES;
				GCC_WARN_UNUSED_VARIABLE = YES;
				IPHONEOS_DEPLOYMENT_TARGET = 8.3;
				MTL_ENABLE_DEBUG_INFO = YES;
				ONLY_ACTIVE_ARCH = YES;
				SDKROOT = iphoneos;
			};
			name = Debug;
		};
		19BDC9051B34653D005080C8 /* Release */ = {
			isa = XCBuildConfiguration;
			buildSettings = {
				ALWAYS_SEARCH_USER_PATHS = NO;
				CLANG_CXX_LANGUAGE_STANDARD = "gnu++0x";
				CLANG_CXX_LIBRARY = "libc++";
				CLANG_ENABLE_MODULES = YES;
				CLANG_ENABLE_OBJC_ARC = YES;
				CLANG_WARN_BOOL_CONVERSION = YES;
				CLANG_WARN_CONSTANT_CONVERSION = YES;
				CLANG_WARN_DIRECT_OBJC_ISA_USAGE = YES_ERROR;
				CLANG_WARN_EMPTY_BODY = YES;
				CLANG_WARN_ENUM_CONVERSION = YES;
				CLANG_WARN_INT_CONVERSION = YES;
				CLANG_WARN_OBJC_ROOT_CLASS = YES_ERROR;
				CLANG_WARN_UNREACHABLE_CODE = YES;
				CLANG_WARN__DUPLICATE_METHOD_MATCH = YES;
				"CODE_SIGN_IDENTITY[sdk=iphoneos*]" = "iPhone Developer";
				COPY_PHASE_STRIP = NO;
				DEBUG_INFORMATION_FORMAT = "dwarf-with-dsym";
				ENABLE_NS_ASSERTIONS = NO;
				ENABLE_STRICT_OBJC_MSGSEND = YES;
				GCC_C_LANGUAGE_STANDARD = gnu99;
				GCC_NO_COMMON_BLOCKS = YES;
				GCC_WARN_64_TO_32_BIT_CONVERSION = YES;
				GCC_WARN_ABOUT_RETURN_TYPE = YES_ERROR;
				GCC_WARN_UNDECLARED_SELECTOR = YES;
				GCC_WARN_UNINITIALIZED_AUTOS = YES_AGGRESSIVE;
				GCC_WARN_UNUSED_FUNCTION = YES;
				GCC_WARN_UNUSED_VARIABLE = YES;
				IPHONEOS_DEPLOYMENT_TARGET = 8.3;
				MTL_ENABLE_DEBUG_INFO = NO;
				SDKROOT = iphoneos;
				VALIDATE_PRODUCT = YES;
			};
			name = Release;
		};
		19BDC9071B34653D005080C8 /* Debug */ = {
			isa = XCBuildConfiguration;
			buildSettings = {
				ASSETCATALOG_COMPILER_APPICON_NAME = AppIcon;
				INFOPLIST_FILE = TabActions/Info.plist;
				LD_RUNPATH_SEARCH_PATHS = "$(inherited) @executable_path/Frameworks";
				PRODUCT_NAME = "$(TARGET_NAME)";
			};
			name = Debug;
		};
		19BDC9081B34653D005080C8 /* Release */ = {
			isa = XCBuildConfiguration;
			buildSettings = {
				ASSETCATALOG_COMPILER_APPICON_NAME = AppIcon;
				INFOPLIST_FILE = TabActions/Info.plist;
				LD_RUNPATH_SEARCH_PATHS = "$(inherited) @executable_path/Frameworks";
				PRODUCT_NAME = "$(TARGET_NAME)";
			};
			name = Release;
		};
		19BDC90A1B34653D005080C8 /* Debug */ = {
			isa = XCBuildConfiguration;
			buildSettings = {
				BUNDLE_LOADER = "$(TEST_HOST)";
				FRAMEWORK_SEARCH_PATHS = (
					"$(SDKROOT)/Developer/Library/Frameworks",
					"$(inherited)",
				);
				GCC_PREPROCESSOR_DEFINITIONS = (
					"DEBUG=1",
					"$(inherited)",
				);
				INFOPLIST_FILE = TabActionsTests/Info.plist;
				LD_RUNPATH_SEARCH_PATHS = "$(inherited) @executable_path/Frameworks @loader_path/Frameworks";
				PRODUCT_NAME = "$(TARGET_NAME)";
				TEST_HOST = "$(BUILT_PRODUCTS_DIR)/TabActions.app/TabActions";
			};
			name = Debug;
		};
		19BDC90B1B34653D005080C8 /* Release */ = {
			isa = XCBuildConfiguration;
			buildSettings = {
				BUNDLE_LOADER = "$(TEST_HOST)";
				FRAMEWORK_SEARCH_PATHS = (
					"$(SDKROOT)/Developer/Library/Frameworks",
					"$(inherited)",
				);
				INFOPLIST_FILE = TabActionsTests/Info.plist;
				LD_RUNPATH_SEARCH_PATHS = "$(inherited) @executable_path/Frameworks @loader_path/Frameworks";
				PRODUCT_NAME = "$(TARGET_NAME)";
				TEST_HOST = "$(BUILT_PRODUCTS_DIR)/TabActions.app/TabActions";
			};
			name = Release;
		};
/* End XCBuildConfiguration section */

/* Begin XCConfigurationList section */
		19BDC8DB1B34653D005080C8 /* Build configuration list for PBXProject "TabActions" */ = {
			isa = XCConfigurationList;
			buildConfigurations = (
				19BDC9041B34653D005080C8 /* Debug */,
				19BDC9051B34653D005080C8 /* Release */,
			);
			defaultConfigurationIsVisible = 0;
			defaultConfigurationName = Release;
		};
		19BDC9061B34653D005080C8 /* Build configuration list for PBXNativeTarget "TabActions" */ = {
			isa = XCConfigurationList;
			buildConfigurations = (
				19BDC9071B34653D005080C8 /* Debug */,
				19BDC9081B34653D005080C8 /* Release */,
			);
			defaultConfigurationIsVisible = 0;
		};
		19BDC9091B34653D005080C8 /* Build configuration list for PBXNativeTarget "TabActionsTests" */ = {
			isa = XCConfigurationList;
			buildConfigurations = (
				19BDC90A1B34653D005080C8 /* Debug */,
				19BDC90B1B34653D005080C8 /* Release */,
			);
			defaultConfigurationIsVisible = 0;
		};
/* End XCConfigurationList section */
	};
	rootObject = 19BDC8D81B34653D005080C8 /* Project object */;
}
