// !$*UTF8*$!
{
	archiveVersion = 1;
	classes = {
	};
	objectVersion = 46;
	objects = {

/* Begin PBXBuildFile section */
		199A41731AE3D5C100BBDF7D /* main.m in Sources */ = {isa = PBXBuildFile; fileRef = 199A41721AE3D5C100BBDF7D /* main.m */; };
		199A41761AE3D5C100BBDF7D /* AppDelegate.m in Sources */ = {isa = PBXBuildFile; fileRef = 199A41751AE3D5C100BBDF7D /* AppDelegate.m */; };
		199A417C1AE3D5C100BBDF7D /* Main.storyboard in Resources */ = {isa = PBXBuildFile; fileRef = 199A417A1AE3D5C100BBDF7D /* Main.storyboard */; };
		199A417E1AE3D5C100BBDF7D /* Images.xcassets in Resources */ = {isa = PBXBuildFile; fileRef = 199A417D1AE3D5C100BBDF7D /* Images.xcassets */; };
		199A41811AE3D5C100BBDF7D /* LaunchScreen.xib in Resources */ = {isa = PBXBuildFile; fileRef = 199A417F1AE3D5C100BBDF7D /* LaunchScreen.xib */; };
		199A418D1AE3D5C100BBDF7D /* SeguesActionsTests.m in Sources */ = {isa = PBXBuildFile; fileRef = 199A418C1AE3D5C100BBDF7D /* SeguesActionsTests.m */; };
		199A41991AE3D64500BBDF7D /* FirstViewController.m in Sources */ = {isa = PBXBuildFile; fileRef = 199A41981AE3D64500BBDF7D /* FirstViewController.m */; };
		199A419C1AE3D65200BBDF7D /* SecondViewController.m in Sources */ = {isa = PBXBuildFile; fileRef = 199A419B1AE3D65200BBDF7D /* SecondViewController.m */; };
		199A419F1AE3D65D00BBDF7D /* ThirdViewController.m in Sources */ = {isa = PBXBuildFile; fileRef = 199A419E1AE3D65D00BBDF7D /* ThirdViewController.m */; };
/* End PBXBuildFile section */

/* Begin PBXContainerItemProxy section */
		199A41871AE3D5C100BBDF7D /* PBXContainerItemProxy */ = {
			isa = PBXContainerItemProxy;
			containerPortal = 199A41651AE3D5C100BBDF7D /* Project object */;
			proxyType = 1;
			remoteGlobalIDString = 199A416C1AE3D5C100BBDF7D;
			remoteInfo = SeguesActions;
		};
/* End PBXContainerItemProxy section */

/* Begin PBXFileReference section */
		199A416D1AE3D5C100BBDF7D /* SeguesActions.app */ = {isa = PBXFileReference; explicitFileType = wrapper.application; includeInIndex = 0; path = SeguesActions.app; sourceTree = BUILT_PRODUCTS_DIR; };
		199A41711AE3D5C100BBDF7D /* Info.plist */ = {isa = PBXFileReference; lastKnownFileType = text.plist.xml; path = Info.plist; sourceTree = "<group>"; };
		199A41721AE3D5C100BBDF7D /* main.m */ = {isa = PBXFileReference; lastKnownFileType = sourcecode.c.objc; path = main.m; sourceTree = "<group>"; };
		199A41741AE3D5C100BBDF7D /* AppDelegate.h */ = {isa = PBXFileReference; lastKnownFileType = sourcecode.c.h; path = AppDelegate.h; sourceTree = "<group>"; };
		199A41751AE3D5C100BBDF7D /* AppDelegate.m */ = {isa = PBXFileReference; lastKnownFileType = sourcecode.c.objc; path = AppDelegate.m; sourceTree = "<group>"; };
		199A417B1AE3D5C100BBDF7D /* Base */ = {isa = PBXFileReference; lastKnownFileType = file.storyboard; name = Base; path = Base.lproj/Main.storyboard; sourceTree = "<group>"; };
		199A417D1AE3D5C100BBDF7D /* Images.xcassets */ = {isa = PBXFileReference; lastKnownFileType = folder.assetcatalog; path = Images.xcassets; sourceTree = "<group>"; };
		199A41801AE3D5C100BBDF7D /* Base */ = {isa = PBXFileReference; lastKnownFileType = file.xib; name = Base; path = Base.lproj/LaunchScreen.xib; sourceTree = "<group>"; };
		199A41861AE3D5C100BBDF7D /* SeguesActionsTests.xctest */ = {isa = PBXFileReference; explicitFileType = wrapper.cfbundle; includeInIndex = 0; path = SeguesActionsTests.xctest; sourceTree = BUILT_PRODUCTS_DIR; };
		199A418B1AE3D5C100BBDF7D /* Info.plist */ = {isa = PBXFileReference; lastKnownFileType = text.plist.xml; path = Info.plist; sourceTree = "<group>"; };
		199A418C1AE3D5C100BBDF7D /* SeguesActionsTests.m */ = {isa = PBXFileReference; lastKnownFileType = sourcecode.c.objc; path = SeguesActionsTests.m; sourceTree = "<group>"; };
		199A41971AE3D64500BBDF7D /* FirstViewController.h */ = {isa = PBXFileReference; fileEncoding = 4; lastKnownFileType = sourcecode.c.h; path = FirstViewController.h; sourceTree = "<group>"; };
		199A41981AE3D64500BBDF7D /* FirstViewController.m */ = {isa = PBXFileReference; fileEncoding = 4; lastKnownFileType = sourcecode.c.objc; path = FirstViewController.m; sourceTree = "<group>"; };
		199A419A1AE3D65200BBDF7D /* SecondViewController.h */ = {isa = PBXFileReference; fileEncoding = 4; lastKnownFileType = sourcecode.c.h; path = SecondViewController.h; sourceTree = "<group>"; };
		199A419B1AE3D65200BBDF7D /* SecondViewController.m */ = {isa = PBXFileReference; fileEncoding = 4; lastKnownFileType = sourcecode.c.objc; path = SecondViewController.m; sourceTree = "<group>"; };
		199A419D1AE3D65D00BBDF7D /* ThirdViewController.h */ = {isa = PBXFileReference; fileEncoding = 4; lastKnownFileType = sourcecode.c.h; path = ThirdViewController.h; sourceTree = "<group>"; };
		199A419E1AE3D65D00BBDF7D /* ThirdViewController.m */ = {isa = PBXFileReference; fileEncoding = 4; lastKnownFileType = sourcecode.c.objc; path = ThirdViewController.m; sourceTree = "<group>"; };
/* End PBXFileReference section */

/* Begin PBXFrameworksBuildPhase section */
		199A416A1AE3D5C100BBDF7D /* Frameworks */ = {
			isa = PBXFrameworksBuildPhase;
			buildActionMask = 2147483647;
			files = (
			);
			runOnlyForDeploymentPostprocessing = 0;
		};
		199A41831AE3D5C100BBDF7D /* Frameworks */ = {
			isa = PBXFrameworksBuildPhase;
			buildActionMask = 2147483647;
			files = (
			);
			runOnlyForDeploymentPostprocessing = 0;
		};
/* End PBXFrameworksBuildPhase section */

/* Begin PBXGroup section */
		199A41641AE3D5C100BBDF7D = {
			isa = PBXGroup;
			children = (
				199A416F1AE3D5C100BBDF7D /* SeguesActions */,
				199A41891AE3D5C100BBDF7D /* SeguesActionsTests */,
				199A416E1AE3D5C100BBDF7D /* Products */,
			);
			sourceTree = "<group>";
		};
		199A416E1AE3D5C100BBDF7D /* Products */ = {
			isa = PBXGroup;
			children = (
				199A416D1AE3D5C100BBDF7D /* SeguesActions.app */,
				199A41861AE3D5C100BBDF7D /* SeguesActionsTests.xctest */,
			);
			name = Products;
			sourceTree = "<group>";
		};
		199A416F1AE3D5C100BBDF7D /* SeguesActions */ = {
			isa = PBXGroup;
			children = (
				199A41961AE3D61D00BBDF7D /* Controllers */,
				199A41741AE3D5C100BBDF7D /* AppDelegate.h */,
				199A41751AE3D5C100BBDF7D /* AppDelegate.m */,
				199A417A1AE3D5C100BBDF7D /* Main.storyboard */,
				199A417D1AE3D5C100BBDF7D /* Images.xcassets */,
				199A417F1AE3D5C100BBDF7D /* LaunchScreen.xib */,
				199A41701AE3D5C100BBDF7D /* Supporting Files */,
			);
			path = SeguesActions;
			sourceTree = "<group>";
		};
		199A41701AE3D5C100BBDF7D /* Supporting Files */ = {
			isa = PBXGroup;
			children = (
				199A41711AE3D5C100BBDF7D /* Info.plist */,
				199A41721AE3D5C100BBDF7D /* main.m */,
			);
			name = "Supporting Files";
			sourceTree = "<group>";
		};
		199A41891AE3D5C100BBDF7D /* SeguesActionsTests */ = {
			isa = PBXGroup;
			children = (
				199A418C1AE3D5C100BBDF7D /* SeguesActionsTests.m */,
				199A418A1AE3D5C100BBDF7D /* Supporting Files */,
			);
			path = SeguesActionsTests;
			sourceTree = "<group>";
		};
		199A418A1AE3D5C100BBDF7D /* Supporting Files */ = {
			isa = PBXGroup;
			children = (
				199A418B1AE3D5C100BBDF7D /* Info.plist */,
			);
			name = "Supporting Files";
			sourceTree = "<group>";
		};
		199A41961AE3D61D00BBDF7D /* Controllers */ = {
			isa = PBXGroup;
			children = (
				199A41971AE3D64500BBDF7D /* FirstViewController.h */,
				199A41981AE3D64500BBDF7D /* FirstViewController.m */,
				199A419A1AE3D65200BBDF7D /* SecondViewController.h */,
				199A419B1AE3D65200BBDF7D /* SecondViewController.m */,
				199A419D1AE3D65D00BBDF7D /* ThirdViewController.h */,
				199A419E1AE3D65D00BBDF7D /* ThirdViewController.m */,
			);
			name = Controllers;
			sourceTree = "<group>";
		};
/* End PBXGroup section */

/* Begin PBXNativeTarget section */
		199A416C1AE3D5C100BBDF7D /* SeguesActions */ = {
			isa = PBXNativeTarget;
			buildConfigurationList = 199A41901AE3D5C100BBDF7D /* Build configuration list for PBXNativeTarget "SeguesActions" */;
			buildPhases = (
				199A41691AE3D5C100BBDF7D /* Sources */,
				199A416A1AE3D5C100BBDF7D /* Frameworks */,
				199A416B1AE3D5C100BBDF7D /* Resources */,
			);
			buildRules = (
			);
			dependencies = (
			);
			name = SeguesActions;
			productName = SeguesActions;
			productReference = 199A416D1AE3D5C100BBDF7D /* SeguesActions.app */;
			productType = "com.apple.product-type.application";
		};
		199A41851AE3D5C100BBDF7D /* SeguesActionsTests */ = {
			isa = PBXNativeTarget;
			buildConfigurationList = 199A41931AE3D5C100BBDF7D /* Build configuration list for PBXNativeTarget "SeguesActionsTests" */;
			buildPhases = (
				199A41821AE3D5C100BBDF7D /* Sources */,
				199A41831AE3D5C100BBDF7D /* Frameworks */,
				199A41841AE3D5C100BBDF7D /* Resources */,
			);
			buildRules = (
			);
			dependencies = (
				199A41881AE3D5C100BBDF7D /* PBXTargetDependency */,
			);
			name = SeguesActionsTests;
			productName = SeguesActionsTests;
			productReference = 199A41861AE3D5C100BBDF7D /* SeguesActionsTests.xctest */;
			productType = "com.apple.product-type.bundle.unit-test";
		};
/* End PBXNativeTarget section */

/* Begin PBXProject section */
		199A41651AE3D5C100BBDF7D /* Project object */ = {
			isa = PBXProject;
			attributes = {
				LastUpgradeCheck = 0630;
				ORGANIZATIONNAME = archangel;
				TargetAttributes = {
					199A416C1AE3D5C100BBDF7D = {
						CreatedOnToolsVersion = 6.3;
					};
					199A41851AE3D5C100BBDF7D = {
						CreatedOnToolsVersion = 6.3;
						TestTargetID = 199A416C1AE3D5C100BBDF7D;
					};
				};
			};
			buildConfigurationList = 199A41681AE3D5C100BBDF7D /* Build configuration list for PBXProject "SeguesActions" */;
			compatibilityVersion = "Xcode 3.2";
			developmentRegion = English;
			hasScannedForEncodings = 0;
			knownRegions = (
				en,
				Base,
			);
			mainGroup = 199A41641AE3D5C100BBDF7D;
			productRefGroup = 199A416E1AE3D5C100BBDF7D /* Products */;
			projectDirPath = "";
			projectRoot = "";
			targets = (
				199A416C1AE3D5C100BBDF7D /* SeguesActions */,
				199A41851AE3D5C100BBDF7D /* SeguesActionsTests */,
			);
		};
/* End PBXProject section */

/* Begin PBXResourcesBuildPhase section */
		199A416B1AE3D5C100BBDF7D /* Resources */ = {
			isa = PBXResourcesBuildPhase;
			buildActionMask = 2147483647;
			files = (
				199A417C1AE3D5C100BBDF7D /* Main.storyboard in Resources */,
				199A41811AE3D5C100BBDF7D /* LaunchScreen.xib in Resources */,
				199A417E1AE3D5C100BBDF7D /* Images.xcassets in Resources */,
			);
			runOnlyForDeploymentPostprocessing = 0;
		};
		199A41841AE3D5C100BBDF7D /* Resources */ = {
			isa = PBXResourcesBuildPhase;
			buildActionMask = 2147483647;
			files = (
			);
			runOnlyForDeploymentPostprocessing = 0;
		};
/* End PBXResourcesBuildPhase section */

/* Begin PBXSourcesBuildPhase section */
		199A41691AE3D5C100BBDF7D /* Sources */ = {
			isa = PBXSourcesBuildPhase;
			buildActionMask = 2147483647;
			files = (
				199A419C1AE3D65200BBDF7D /* SecondViewController.m in Sources */,
				199A419F1AE3D65D00BBDF7D /* ThirdViewController.m in Sources */,
				199A41761AE3D5C100BBDF7D /* AppDelegate.m in Sources */,
				199A41991AE3D64500BBDF7D /* FirstViewController.m in Sources */,
				199A41731AE3D5C100BBDF7D /* main.m in Sources */,
			);
			runOnlyForDeploymentPostprocessing = 0;
		};
		199A41821AE3D5C100BBDF7D /* Sources */ = {
			isa = PBXSourcesBuildPhase;
			buildActionMask = 2147483647;
			files = (
				199A418D1AE3D5C100BBDF7D /* SeguesActionsTests.m in Sources */,
			);
			runOnlyForDeploymentPostprocessing = 0;
		};
/* End PBXSourcesBuildPhase section */

/* Begin PBXTargetDependency section */
		199A41881AE3D5C100BBDF7D /* PBXTargetDependency */ = {
			isa = PBXTargetDependency;
			target = 199A416C1AE3D5C100BBDF7D /* SeguesActions */;
			targetProxy = 199A41871AE3D5C100BBDF7D /* PBXContainerItemProxy */;
		};
/* End PBXTargetDependency section */

/* Begin PBXVariantGroup section */
		199A417A1AE3D5C100BBDF7D /* Main.storyboard */ = {
			isa = PBXVariantGroup;
			children = (
				199A417B1AE3D5C100BBDF7D /* Base */,
			);
			name = Main.storyboard;
			sourceTree = "<group>";
		};
		199A417F1AE3D5C100BBDF7D /* LaunchScreen.xib */ = {
			isa = PBXVariantGroup;
			children = (
				199A41801AE3D5C100BBDF7D /* Base */,
			);
			name = LaunchScreen.xib;
			sourceTree = "<group>";
		};
/* End PBXVariantGroup section */

/* Begin XCBuildConfiguration section */
		199A418E1AE3D5C100BBDF7D /* Debug */ = {
			isa = XCBuildConfiguration;
			buildSettings = {
				ALWAYS_SEARCH_USER_PATHS = NO;
				CLANG_CXX_LANGUAGE_STANDARD = "gnu++0x";
				CLANG_CXX_LIBRARY = "libc++";
				CLANG_ENABLE_MODULES = YES;
				CLANG_ENABLE_OBJC_ARC = YES;
				CLANG_WARN_BOOL_CONVERSION = YES;
				CLANG_WARN_CONSTANT_CONVERSION = YES;
				CLANG_WARN_DIRECT_OBJC_ISA_USAGE = YES_ERROR;
				CLANG_WARN_EMPTY_BODY = YES;
				CLANG_WARN_ENUM_CONVERSION = YES;
				CLANG_WARN_INT_CONVERSION = YES;
				CLANG_WARN_OBJC_ROOT_CLASS = YES_ERROR;
				CLANG_WARN_UNREACHABLE_CODE = YES;
				CLANG_WARN__DUPLICATE_METHOD_MATCH = YES;
				"CODE_SIGN_IDENTITY[sdk=iphoneos*]" = "iPhone Developer";
				COPY_PHASE_STRIP = NO;
				DEBUG_INFORMATION_FORMAT = "dwarf-with-dsym";
				ENABLE_STRICT_OBJC_MSGSEND = YES;
				GCC_C_LANGUAGE_STANDARD = gnu99;
				GCC_DYNAMIC_NO_PIC = NO;
				GCC_NO_COMMON_BLOCKS = YES;
				GCC_OPTIMIZATION_LEVEL = 0;
				GCC_PREPROCESSOR_DEFINITIONS = (
					"DEBUG=1",
					"$(inherited)",
				);
				GCC_SYMBOLS_PRIVATE_EXTERN = NO;
				GCC_WARN_64_TO_32_BIT_CONVERSION = YES;
				GCC_WARN_ABOUT_RETURN_TYPE = YES_ERROR;
				GCC_WARN_UNDECLARED_SELECTOR = YES;
				GCC_WARN_UNINITIALIZED_AUTOS = YES_AGGRESSIVE;
				GCC_WARN_UNUSED_FUNCTION = YES;
				GCC_WARN_UNUSED_VARIABLE = YES;
				IPHONEOS_DEPLOYMENT_TARGET = 8.3;
				MTL_ENABLE_DEBUG_INFO = YES;
				ONLY_ACTIVE_ARCH = YES;
				SDKROOT = iphoneos;
			};
			name = Debug;
		};
		199A418F1AE3D5C100BBDF7D /* Release */ = {
			isa = XCBuildConfiguration;
			buildSettings = {
				ALWAYS_SEARCH_USER_PATHS = NO;
				CLANG_CXX_LANGUAGE_STANDARD = "gnu++0x";
				CLANG_CXX_LIBRARY = "libc++";
				CLANG_ENABLE_MODULES = YES;
				CLANG_ENABLE_OBJC_ARC = YES;
				CLANG_WARN_BOOL_CONVERSION = YES;
				CLANG_WARN_CONSTANT_CONVERSION = YES;
				CLANG_WARN_DIRECT_OBJC_ISA_USAGE = YES_ERROR;
				CLANG_WARN_EMPTY_BODY = YES;
				CLANG_WARN_ENUM_CONVERSION = YES;
				CLANG_WARN_INT_CONVERSION = YES;
				CLANG_WARN_OBJC_ROOT_CLASS = YES_ERROR;
				CLANG_WARN_UNREACHABLE_CODE = YES;
				CLANG_WARN__DUPLICATE_METHOD_MATCH = YES;
				"CODE_SIGN_IDENTITY[sdk=iphoneos*]" = "iPhone Developer";
				COPY_PHASE_STRIP = NO;
				DEBUG_INFORMATION_FORMAT = "dwarf-with-dsym";
				ENABLE_NS_ASSERTIONS = NO;
				ENABLE_STRICT_OBJC_MSGSEND = YES;
				GCC_C_LANGUAGE_STANDARD = gnu99;
				GCC_NO_COMMON_BLOCKS = YES;
				GCC_WARN_64_TO_32_BIT_CONVERSION = YES;
				GCC_WARN_ABOUT_RETURN_TYPE = YES_ERROR;
				GCC_WARN_UNDECLARED_SELECTOR = YES;
				GCC_WARN_UNINITIALIZED_AUTOS = YES_AGGRESSIVE;
				GCC_WARN_UNUSED_FUNCTION = YES;
				GCC_WARN_UNUSED_VARIABLE = YES;
				IPHONEOS_DEPLOYMENT_TARGET = 8.3;
				MTL_ENABLE_DEBUG_INFO = NO;
				SDKROOT = iphoneos;
				VALIDATE_PRODUCT = YES;
			};
			name = Release;
		};
		199A41911AE3D5C100BBDF7D /* Debug */ = {
			isa = XCBuildConfiguration;
			buildSettings = {
				ASSETCATALOG_COMPILER_APPICON_NAME = AppIcon;
				INFOPLIST_FILE = SeguesActions/Info.plist;
				LD_RUNPATH_SEARCH_PATHS = "$(inherited) @executable_path/Frameworks";
				PRODUCT_NAME = "$(TARGET_NAME)";
			};
			name = Debug;
		};
		199A41921AE3D5C100BBDF7D /* Release */ = {
			isa = XCBuildConfiguration;
			buildSettings = {
				ASSETCATALOG_COMPILER_APPICON_NAME = AppIcon;
				INFOPLIST_FILE = SeguesActions/Info.plist;
				LD_RUNPATH_SEARCH_PATHS = "$(inherited) @executable_path/Frameworks";
				PRODUCT_NAME = "$(TARGET_NAME)";
			};
			name = Release;
		};
		199A41941AE3D5C100BBDF7D /* Debug */ = {
			isa = XCBuildConfiguration;
			buildSettings = {
				BUNDLE_LOADER = "$(TEST_HOST)";
				FRAMEWORK_SEARCH_PATHS = (
					"$(SDKROOT)/Developer/Library/Frameworks",
					"$(inherited)",
				);
				GCC_PREPROCESSOR_DEFINITIONS = (
					"DEBUG=1",
					"$(inherited)",
				);
				INFOPLIST_FILE = SeguesActionsTests/Info.plist;
				LD_RUNPATH_SEARCH_PATHS = "$(inherited) @executable_path/Frameworks @loader_path/Frameworks";
				PRODUCT_NAME = "$(TARGET_NAME)";
				TEST_HOST = "$(BUILT_PRODUCTS_DIR)/SeguesActions.app/SeguesActions";
			};
			name = Debug;
		};
		199A41951AE3D5C100BBDF7D /* Release */ = {
			isa = XCBuildConfiguration;
			buildSettings = {
				BUNDLE_LOADER = "$(TEST_HOST)";
				FRAMEWORK_SEARCH_PATHS = (
					"$(SDKROOT)/Developer/Library/Frameworks",
					"$(inherited)",
				);
				INFOPLIST_FILE = SeguesActionsTests/Info.plist;
				LD_RUNPATH_SEARCH_PATHS = "$(inherited) @executable_path/Frameworks @loader_path/Frameworks";
				PRODUCT_NAME = "$(TARGET_NAME)";
				TEST_HOST = "$(BUILT_PRODUCTS_DIR)/SeguesActions.app/SeguesActions";
			};
			name = Release;
		};
/* End XCBuildConfiguration section */

/* Begin XCConfigurationList section */
		199A41681AE3D5C100BBDF7D /* Build configuration list for PBXProject "SeguesActions" */ = {
			isa = XCConfigurationList;
			buildConfigurations = (
				199A418E1AE3D5C100BBDF7D /* Debug */,
				199A418F1AE3D5C100BBDF7D /* Release */,
			);
			defaultConfigurationIsVisible = 0;
			defaultConfigurationName = Release;
		};
		199A41901AE3D5C100BBDF7D /* Build configuration list for PBXNativeTarget "SeguesActions" */ = {
			isa = XCConfigurationList;
			buildConfigurations = (
				199A41911AE3D5C100BBDF7D /* Debug */,
				199A41921AE3D5C100BBDF7D /* Release */,
			);
			defaultConfigurationIsVisible = 0;
		};
		199A41931AE3D5C100BBDF7D /* Build configuration list for PBXNativeTarget "SeguesActionsTests" */ = {
			isa = XCConfigurationList;
			buildConfigurations = (
				199A41941AE3D5C100BBDF7D /* Debug */,
				199A41951AE3D5C100BBDF7D /* Release */,
			);
			defaultConfigurationIsVisible = 0;
		};
/* End XCConfigurationList section */
	};
	rootObject = 199A41651AE3D5C100BBDF7D /* Project object */;
}
